// !$*UTF8*$!
{
	archiveVersion = 1;
	classes = {
	};
	objectVersion = 39;
	objects = {
		089C165FFE840EACC02AAC07 = {
			children = (
				089C1660FE840EACC02AAC07,
			);
			isa = PBXVariantGroup;
			name = InfoPlist.strings;
			refType = 4;
			sourceTree = "<group>";
		};
		089C1660FE840EACC02AAC07 = {
			fileEncoding = 10;
			isa = PBXFileReference;
			lastKnownFileType = text.plist.strings;
			name = English;
			path = English.lproj/InfoPlist.strings;
			refType = 4;
			sourceTree = "<group>";
		};
//080
//081
//082
//083
//084
//100
//101
//102
//103
//104
		1058C7A6FEA54F5311CA2CBB = {
			children = (
				1058C7A7FEA54F5311CA2CBB,
			);
			isa = PBXGroup;
			name = "Linked Frameworks";
			refType = 4;
			sourceTree = "<group>";
		};
		1058C7A7FEA54F5311CA2CBB = {
			isa = PBXFileReference;
			lastKnownFileType = wrapper.framework;
			name = Cocoa.framework;
			path = /System/Library/Frameworks/Cocoa.framework;
			refType = 0;
			sourceTree = "<absolute>";
		};
		1058C7A8FEA54F5311CA2CBB = {
			children = (
				CF3B8A9B058CD21900D682D2,
				2A37F4C5FDCFA73011CA2CEA,
				2A37F4C4FDCFA73011CA2CEA,
			);
			isa = PBXGroup;
			name = "Other Frameworks";
			refType = 4;
			sourceTree = "<group>";
		};
//100
//101
//102
//103
//104
//190
//191
//192
//193
//194
		19C28FB0FE9D524F11CA2CBB = {
			children = (
				CF4518F605FCAE44008D4817,
				CF4518F805FCAE44008D4817,
				CF4518FA05FCAE44008D4817,
			);
			isa = PBXGroup;
			name = Products;
			refType = 4;
			sourceTree = "<group>";
		};
//190
//191
//192
//193
//194
//2A0
//2A1
//2A2
//2A3
//2A4
		2A37F4A9FDCFA73011CA2CEA = {
			buildSettings = {
				MACOSX_DEPLOYMENT_TARGET = 10.3;
				SDKROOT = /Developer/SDKs/MacOSX10.3.0.sdk;
			};
			buildStyles = (
				CFA7AB90058DAD29009AC1FE,
			);
			hasScannedForEncodings = 1;
			isa = PBXProject;
			mainGroup = 2A37F4AAFDCFA73011CA2CEA;
			projectDirPath = "";
			targets = (
				8DD76F620486A84900D96B5E,
				CF7A1402058CEFE2007126C1,
				8D15AC270486D014006FF6A4,
			);
		};
		2A37F4AAFDCFA73011CA2CEA = {
			children = (
				CFF53732057A4E5000854C83,
				CFF53737057A4E9400854C83,
				CFF5381C057A545B00854C83,
				2A37F4AFFDCFA73011CA2CEA,
				2A37F4B8FDCFA73011CA2CEA,
				2A37F4C3FDCFA73011CA2CEA,
				CFF98D79058CCDA000176BCE,
				19C28FB0FE9D524F11CA2CBB,
			);
			isa = PBXGroup;
			name = essai_cocoa;
			path = "";
			refType = 4;
			sourceTree = "<group>";
		};
		2A37F4AFFDCFA73011CA2CEA = {
			children = (
				CFA8C6A30622A9D9005F7F63,
			);
			isa = PBXGroup;
			name = "Other Sources";
			path = "";
			refType = 4;
			sourceTree = "<group>";
		};
		2A37F4B8FDCFA73011CA2CEA = {
			children = (
				CFA5CB9207CF8EBC00E460DB,
				CFA5CB9307CF8EBC00E460DB,
				2A37F4B9FDCFA73011CA2CEA,
				CFC30F92058A225E003D0386,
				089C165FFE840EACC02AAC07,
			);
			isa = PBXGroup;
			name = Resources;
			path = "";
			refType = 4;
			sourceTree = "<group>";
		};
		2A37F4B9FDCFA73011CA2CEA = {
			children = (
				2A37F4BAFDCFA73011CA2CEA,
			);
			isa = PBXVariantGroup;
			name = Credits.rtf;
			path = "";
			refType = 4;
			sourceTree = "<group>";
		};
		2A37F4BAFDCFA73011CA2CEA = {
			isa = PBXFileReference;
			lastKnownFileType = text.rtf;
			name = English;
			path = English.lproj/Credits.rtf;
			refType = 4;
			sourceTree = "<group>";
		};
		2A37F4C3FDCFA73011CA2CEA = {
			children = (
				1058C7A6FEA54F5311CA2CBB,
				1058C7A8FEA54F5311CA2CBB,
			);
			isa = PBXGroup;
			name = Frameworks;
			path = "";
			refType = 4;
			sourceTree = "<group>";
		};
		2A37F4C4FDCFA73011CA2CEA = {
			isa = PBXFileReference;
			lastKnownFileType = wrapper.framework;
			name = AppKit.framework;
			path = /System/Library/Frameworks/AppKit.framework;
			refType = 0;
			sourceTree = "<absolute>";
		};
		2A37F4C5FDCFA73011CA2CEA = {
			isa = PBXFileReference;
			lastKnownFileType = wrapper.framework;
			name = Foundation.framework;
			path = /System/Library/Frameworks/Foundation.framework;
			refType = 0;
			sourceTree = "<absolute>";
		};
//2A0
//2A1
//2A2
//2A3
//2A4
//8D0
//8D1
//8D2
//8D3
//8D4
		8D15AC270486D014006FF6A4 = {
			buildPhases = (
				8D15AC2B0486D014006FF6A4,
				8D15AC300486D014006FF6A4,
				8D15AC330486D014006FF6A4,
			);
			buildRules = (
				CF825BBB08537E850077AEAF,
			);
			buildSettings = {
				DEPLOYMENT_LOCATION = NO;
				FRAMEWORK_SEARCH_PATHS = "";
				GCC_ENABLE_OBJC_EXCEPTIONS = YES;
				GCC_ENABLE_TRIGRAPHS = NO;
				GCC_GENERATE_DEBUGGING_SYMBOLS = NO;
				GCC_OPTIMIZATION_LEVEL = 3;
				GCC_PRECOMPILE_PREFIX_HEADER = YES;
				GCC_PREFIX_HEADER = ../../libpm/cocoa_galgas/PP_CocoaGalgasPrefix.pch;
				GCC_SHORT_ENUMS = YES;
				GCC_WARN_ABOUT_MISSING_PROTOTYPES = YES;
				GCC_WARN_ALLOW_INCOMPLETE_PROTOCOL = YES;
				GCC_WARN_CHECK_SWITCH_STATEMENTS = YES;
				GCC_WARN_EFFECTIVE_CPLUSPLUS_VIOLATIONS = NO;
				GCC_WARN_FOUR_CHARACTER_CONSTANTS = NO;
				GCC_WARN_HIDDEN_VIRTUAL_FUNCTIONS = NO;
				GCC_WARN_INITIALIZER_NOT_FULLY_BRACKETED = NO;
				GCC_WARN_MISSING_PARENTHESES = NO;
				GCC_WARN_NON_VIRTUAL_DESTRUCTOR = NO;
				GCC_WARN_PEDANTIC = NO;
				GCC_WARN_SHADOW = NO;
				GCC_WARN_TYPECHECK_CALLS_TO_PRINTF = YES;
				GCC_WARN_UNINITIALIZED_AUTOS = NO;
				GCC_WARN_UNKNOWN_PRAGMAS = YES;
				GCC_WARN_UNUSED_FUNCTION = NO;
				GCC_WARN_UNUSED_LABEL = NO;
				GCC_WARN_UNUSED_PARAMETER = NO;
				GCC_WARN_UNUSED_VALUE = NO;
				GCC_WARN_UNUSED_VARIABLE = NO;
				HEADER_SEARCH_PATHS = "../galgas_generated_sources ../hand_coded_sources ../../libpm";
				INFOPLIST_FILE = Info.plist;
				INSTALL_PATH = "$(HOME)/Applications";
				LIBRARY_SEARCH_PATHS = "";
				OTHER_CFLAGS = "-Wall -DDO_NOT_GENERATE_MEMORY_CHECK_CODE";
				OTHER_LDFLAGS = "";
				PREBINDING = YES;
				PRODUCT_NAME = CocoaKerBDD;
				SECTORDER_FLAGS = "";
				WARNING_CFLAGS = "-Wmost -Wno-four-char-constants -Wno-unknown-pragmas";
				WRAPPER_EXTENSION = app;
			};
			dependencies = (
				CF9C7030079BFFFA00797E14,
				CF825BC508537EFF0077AEAF,
			);
			isa = PBXNativeTarget;
			name = "kerbdd Cocoa";
			productInstallPath = "$(HOME)/Applications";
			productName = essai_cocoa;
			productReference = CF4518F805FCAE44008D4817;
			productType = "com.apple.product-type.application";
		};
		8D15AC2B0486D014006FF6A4 = {
			buildActionMask = 2147483647;
			files = (
				8D15AC2C0486D014006FF6A4,
				8D15AC2F0486D014006FF6A4,
				CFC30F93058A225E003D0386,
				CF45190205FCAEC7008D4817,
				CF103D8907AFE6C80093400D,
				CFA5CB9407CF8EBC00E460DB,
				CFA5CB9507CF8EBC00E460DB,
				CF825B18085370910077AEAF,
				CF825B19085370910077AEAF,
				CF825B1A085370910077AEAF,
				CF825B1B085370910077AEAF,
				CF825B2B085370A10077AEAF,
				CF825B2C085370A10077AEAF,
				CF825BC308537EF00077AEAF,
			);
			isa = PBXResourcesBuildPhase;
			runOnlyForDeploymentPostprocessing = 0;
		};
		8D15AC2C0486D014006FF6A4 = {
			fileRef = 2A37F4B9FDCFA73011CA2CEA;
			isa = PBXBuildFile;
			settings = {
			};
		};
		8D15AC2F0486D014006FF6A4 = {
			fileRef = 089C165FFE840EACC02AAC07;
			isa = PBXBuildFile;
			settings = {
			};
		};
		8D15AC300486D014006FF6A4 = {
			buildActionMask = 2147483647;
			files = (
				CFA7ADBD058DB57E009AC1FE,
				CFA7ADD7058DB5DF009AC1FE,
				CF9D5F5C05F3833400E53A6F,
				CF9D5F6405F3833F00E53A6F,
				CF9D5F6C05F3835200E53A6F,
				CFA8C6A40622A9D9005F7F63,
				CF103D8A07AFE8230093400D,
				CF103D8D07AFE8340093400D,
				CF103D8E07AFE8FA0093400D,
				CF825B1D085370910077AEAF,
				CF825B1F085370910077AEAF,
				CF825B21085370910077AEAF,
				CF825B23085370910077AEAF,
				CF825B25085370910077AEAF,
				CF825BAB08537E130077AEAF,
				CF825BAC08537E140077AEAF,
				CF825BAD08537E150077AEAF,
				CF825BAE08537E180077AEAF,
				CF825BAF08537E250077AEAF,
				CF825BB008537E260077AEAF,
				CF825BB108537E280077AEAF,
				CF825BB208537E2D0077AEAF,
				CF825BB308537E2E0077AEAF,
				CF825BB408537E2F0077AEAF,
				CF825BB508537E400077AEAF,
				CF825BB608537E430077AEAF,
				CF825BB708537E470077AEAF,
				CF825BB808537E4B0077AEAF,
			);
			isa = PBXSourcesBuildPhase;
			runOnlyForDeploymentPostprocessing = 0;
		};
		8D15AC330486D014006FF6A4 = {
			buildActionMask = 2147483647;
			files = (
				8D15AC340486D014006FF6A4,
			);
			isa = PBXFrameworksBuildPhase;
			runOnlyForDeploymentPostprocessing = 0;
		};
		8D15AC340486D014006FF6A4 = {
			fileRef = 1058C7A7FEA54F5311CA2CBB;
			isa = PBXBuildFile;
			settings = {
			};
		};
		8DD76F620486A84900D96B5E = {
			buildPhases = (
				8DD76F630486A84900D96B5E,
				8DD76F640486A84900D96B5E,
				8DD76F660486A84900D96B5E,
				8DD76F680486A84900D96B5E,
				8DD76F690486A84900D96B5E,
			);
			buildRules = (
				CF825BB908537E6F0077AEAF,
			);
			buildSettings = {
				DEPLOYMENT_LOCATION = NO;
				FRAMEWORK_SEARCH_PATHS = "";
				GCC_ENABLE_TRIGRAPHS = NO;
				GCC_OPTIMIZATION_LEVEL = 1;
				GCC_PRECOMPILE_PREFIX_HEADER = YES;
				GCC_PREFIX_HEADER = ../../libpm/galgas/PP_GalgasPrefix.pch;
				GCC_WARN_ABOUT_MISSING_PROTOTYPES = NO;
				GCC_WARN_FOUR_CHARACTER_CONSTANTS = NO;
				GCC_WARN_UNKNOWN_PRAGMAS = NO;
				HEADER_SEARCH_PATHS = "../galgas_generated_sources ../hand_coded_sources ../../libpm";
				INSTALL_PATH = "$(HOME)/bin";
				LIBRARY_SEARCH_PATHS = /usr/lib/gcc/darwin/3.3;
				OTHER_LDFLAGS = "";
				PRODUCT_NAME = kerbdd;
				WARNING_CFLAGS = "-Wmost -Wno-four-char-constants -Wno-unknown-pragmas";
				ZERO_LINK = NO;
			};
			dependencies = (
			);
			isa = PBXNativeTarget;
			name = "Kerbdd tool";
			productInstallPath = "$(HOME)/bin";
			productName = galgas;
			productReference = CF4518F605FCAE44008D4817;
			productType = "com.apple.product-type.tool";
		};
		8DD76F630486A84900D96B5E = {
			buildActionMask = 2147483647;
			files = (
				CF2A8828058CCF2B003EF2F4,
				CF2A882C058CCF2E003EF2F4,
				CF2A882E058CCF30003EF2F4,
				CF2A8841058CCF42003EF2F4,
				CF2A8843058CCF43003EF2F4,
				CF2A8845058CCF45003EF2F4,
				CF2A8847058CCF49003EF2F4,
				CF2A8849058CCF4B003EF2F4,
				CF2A884B058CCF4C003EF2F4,
				CF2A884D058CCF4E003EF2F4,
				CF2A884F058CCF50003EF2F4,
				CF2A8851058CCF52003EF2F4,
				CF2A8853058CCF54003EF2F4,
				CF2A8855058CCF55003EF2F4,
				CF2A8857058CCF57003EF2F4,
				CF3B8A80058CD05C00D682D2,
				CF103D2807AFDB880093400D,
				CF103D2907AFDB880093400D,
				CF103D2A07AFDB880093400D,
				CF103D2B07AFDB880093400D,
				CF103D2C07AFDB880093400D,
				CF103D2E07AFDB880093400D,
				CF103D3007AFDB880093400D,
				CF103D3207AFDB880093400D,
				CF103D3407AFDB880093400D,
				CF103D4E07AFDBAD0093400D,
				CF103D5107AFDBAD0093400D,
				CF103D5307AFDBAD0093400D,
				CF103D5407AFDBAD0093400D,
				CF103D5507AFDBAD0093400D,
				CF103D6307AFDC7B0093400D,
				CF103D6907AFDCAD0093400D,
				CF103D6F07AFDCCD0093400D,
				CF103D7107AFDCCD0093400D,
				CF825B02085370680077AEAF,
				CF825B04085370680077AEAF,
				CF825B38085370C50077AEAF,
				CF825B3A085370C50077AEAF,
				CF825B3C085370C50077AEAF,
				CF825B3E085370C50077AEAF,
				CF825B40085370C50077AEAF,
				CF825B4E085370DC0077AEAF,
				CF825B58085371090077AEAF,
				CF825B5A085371090077AEAF,
				CF825B5C085371090077AEAF,
				CF825B65085371390077AEAF,
				CF825B66085371390077AEAF,
				CF825B6E085371570077AEAF,
				CF825B70085371570077AEAF,
				CF825B7A0853716F0077AEAF,
				CF825B7C0853716F0077AEAF,
				CF825B90085371910077AEAF,
				CF825B92085371910077AEAF,
				CF825B94085371910077AEAF,
				CF825B96085371910077AEAF,
				CF825B97085371910077AEAF,
				CF825B98085371910077AEAF,
				CF825B9A085371910077AEAF,
				CF825B9C085371910077AEAF,
			);
			isa = PBXHeadersBuildPhase;
			runOnlyForDeploymentPostprocessing = 0;
		};
		8DD76F640486A84900D96B5E = {
			buildActionMask = 2147483647;
			files = (
				CF2A8827058CCF12003EF2F4,
				CF2A882D058CCF2F003EF2F4,
				CF2A8842058CCF43003EF2F4,
				CF2A8844058CCF44003EF2F4,
				CF2A8846058CCF46003EF2F4,
				CF2A8848058CCF4A003EF2F4,
				CF2A884A058CCF4B003EF2F4,
				CF2A884C058CCF4D003EF2F4,
				CF2A884E058CCF4F003EF2F4,
				CF2A8850058CCF51003EF2F4,
				CF2A8852058CCF53003EF2F4,
				CF2A8854058CCF55003EF2F4,
				CF2A8856058CCF56003EF2F4,
				CF3B8A81058CD05D00D682D2,
				CFAC5157062158B500AF7FE3,
				CF103D2707AFDB880093400D,
				CF103D2D07AFDB880093400D,
				CF103D2F07AFDB880093400D,
				CF103D3107AFDB880093400D,
				CF103D3307AFDB880093400D,
				CF103D4D07AFDBAD0093400D,
				CF103D5007AFDBAD0093400D,
				CF103D5607AFDBAD0093400D,
				CF103D6207AFDC7B0093400D,
				CF103D6807AFDCAD0093400D,
				CF103D7007AFDCCD0093400D,
				CF825B01085370680077AEAF,
				CF825B03085370680077AEAF,
				CF825B37085370C50077AEAF,
				CF825B39085370C50077AEAF,
				CF825B3B085370C50077AEAF,
				CF825B3D085370C50077AEAF,
				CF825B3F085370C50077AEAF,
				CF825B4D085370DC0077AEAF,
				CF825B57085371090077AEAF,
				CF825B59085371090077AEAF,
				CF825B5B085371090077AEAF,
				CF825B6D085371570077AEAF,
				CF825B6F085371570077AEAF,
				CF825B790853716F0077AEAF,
				CF825B7B0853716F0077AEAF,
				CF825B8F085371910077AEAF,
				CF825B91085371910077AEAF,
				CF825B93085371910077AEAF,
				CF825B95085371910077AEAF,
				CF825B99085371910077AEAF,
				CF825B9B085371910077AEAF,
			);
			isa = PBXSourcesBuildPhase;
			runOnlyForDeploymentPostprocessing = 0;
		};
		8DD76F660486A84900D96B5E = {
			buildActionMask = 2147483647;
			files = (
				CF3B8A9C058CD21900D682D2,
			);
			isa = PBXFrameworksBuildPhase;
			runOnlyForDeploymentPostprocessing = 0;
		};
		8DD76F680486A84900D96B5E = {
			buildActionMask = 2147483647;
			files = (
			);
			isa = PBXRezBuildPhase;
			runOnlyForDeploymentPostprocessing = 0;
		};
		8DD76F690486A84900D96B5E = {
			buildActionMask = 8;
			dstPath = /usr/share/man/man1/;
			dstSubfolderSpec = 0;
			files = (
			);
			isa = PBXCopyFilesBuildPhase;
			runOnlyForDeploymentPostprocessing = 1;
		};
//8D0
//8D1
//8D2
//8D3
//8D4
//CF0
//CF1
//CF2
//CF3
//CF4
		CF103D1907AFDB880093400D = {
			fileEncoding = 5;
			isa = PBXFileReference;
			lastKnownFileType = sourcecode.cpp.cpp;
			path = grammaireBDD.cpp;
			refType = 4;
			sourceTree = "<group>";
		};
		CF103D1A07AFDB880093400D = {
			fileEncoding = 5;
			isa = PBXFileReference;
			lastKnownFileType = sourcecode.c.h;
			path = grammaireBDD.h;
			refType = 4;
			sourceTree = "<group>";
		};
		CF103D1B07AFDB880093400D = {
			fileEncoding = 5;
			isa = PBXFileReference;
			lastKnownFileType = sourcecode.c.h;
			path = include_typeCalcul.h;
			refType = 4;
			sourceTree = "<group>";
		};
		CF103D1C07AFDB880093400D = {
			fileEncoding = 5;
			isa = PBXFileReference;
			lastKnownFileType = sourcecode.c.h;
			path = include_typeDomain.h;
			refType = 4;
			sourceTree = "<group>";
		};
		CF103D1D07AFDB880093400D = {
			fileEncoding = 5;
			isa = PBXFileReference;
			lastKnownFileType = sourcecode.c.h;
			path = include_typeFormule.h;
			refType = 4;
			sourceTree = "<group>";
		};
		CF103D1E07AFDB880093400D = {
			fileEncoding = 5;
			isa = PBXFileReference;
			lastKnownFileType = sourcecode.c.h;
			path = include_typeVariableDescriptor.h;
			refType = 4;
			sourceTree = "<group>";
		};
		CF103D1F07AFDB880093400D = {
			fileEncoding = 5;
			isa = PBXFileReference;
			lastKnownFileType = sourcecode.cpp.cpp;
			path = lexiqueBDD.cpp;
			refType = 4;
			sourceTree = "<group>";
		};
		CF103D2007AFDB880093400D = {
			fileEncoding = 5;
			isa = PBXFileReference;
			lastKnownFileType = sourcecode.c.h;
			path = lexiqueBDD.h;
			refType = 4;
			sourceTree = "<group>";
		};
		CF103D2107AFDB880093400D = {
			fileEncoding = 5;
			isa = PBXFileReference;
			lastKnownFileType = sourcecode.cpp.cpp;
			path = programmeBDD.cpp;
			refType = 4;
			sourceTree = "<group>";
		};
		CF103D2207AFDB880093400D = {
			fileEncoding = 5;
			isa = PBXFileReference;
			lastKnownFileType = sourcecode.c.h;
			path = programmeBDD.h;
			refType = 4;
			sourceTree = "<group>";
		};
		CF103D2307AFDB880093400D = {
			fileEncoding = 5;
			isa = PBXFileReference;
			lastKnownFileType = sourcecode.cpp.cpp;
			path = semantiqueBDD.cpp;
			refType = 4;
			sourceTree = "<group>";
		};
		CF103D2407AFDB880093400D = {
			fileEncoding = 5;
			isa = PBXFileReference;
			lastKnownFileType = sourcecode.c.h;
			path = semantiqueBDD.h;
			refType = 4;
			sourceTree = "<group>";
		};
		CF103D2507AFDB880093400D = {
			fileEncoding = 5;
			isa = PBXFileReference;
			lastKnownFileType = sourcecode.cpp.cpp;
			path = syntaxeBDD.cpp;
			refType = 4;
			sourceTree = "<group>";
		};
		CF103D2607AFDB880093400D = {
			fileEncoding = 5;
			isa = PBXFileReference;
			lastKnownFileType = sourcecode.c.h;
			path = syntaxeBDD.h;
			refType = 4;
			sourceTree = "<group>";
		};
		CF103D2707AFDB880093400D = {
			fileRef = CF103D1907AFDB880093400D;
			isa = PBXBuildFile;
			settings = {
			};
		};
		CF103D2807AFDB880093400D = {
			fileRef = CF103D1A07AFDB880093400D;
			isa = PBXBuildFile;
			settings = {
			};
		};
		CF103D2907AFDB880093400D = {
			fileRef = CF103D1B07AFDB880093400D;
			isa = PBXBuildFile;
			settings = {
			};
		};
		CF103D2A07AFDB880093400D = {
			fileRef = CF103D1C07AFDB880093400D;
			isa = PBXBuildFile;
			settings = {
			};
		};
		CF103D2B07AFDB880093400D = {
			fileRef = CF103D1D07AFDB880093400D;
			isa = PBXBuildFile;
			settings = {
			};
		};
		CF103D2C07AFDB880093400D = {
			fileRef = CF103D1E07AFDB880093400D;
			isa = PBXBuildFile;
			settings = {
			};
		};
		CF103D2D07AFDB880093400D = {
			fileRef = CF103D1F07AFDB880093400D;
			isa = PBXBuildFile;
			settings = {
			};
		};
		CF103D2E07AFDB880093400D = {
			fileRef = CF103D2007AFDB880093400D;
			isa = PBXBuildFile;
			settings = {
			};
		};
		CF103D2F07AFDB880093400D = {
			fileRef = CF103D2107AFDB880093400D;
			isa = PBXBuildFile;
			settings = {
			};
		};
		CF103D3007AFDB880093400D = {
			fileRef = CF103D2207AFDB880093400D;
			isa = PBXBuildFile;
			settings = {
			};
		};
		CF103D3107AFDB880093400D = {
			fileRef = CF103D2307AFDB880093400D;
			isa = PBXBuildFile;
			settings = {
			};
		};
		CF103D3207AFDB880093400D = {
			fileRef = CF103D2407AFDB880093400D;
			isa = PBXBuildFile;
			settings = {
			};
		};
		CF103D3307AFDB880093400D = {
			fileRef = CF103D2507AFDB880093400D;
			isa = PBXBuildFile;
			settings = {
			};
		};
		CF103D3407AFDB880093400D = {
			fileRef = CF103D2607AFDB880093400D;
			isa = PBXBuildFile;
			settings = {
			};
		};
		CF103D3507AFDB880093400D = {
			fileRef = CF103D1907AFDB880093400D;
			isa = PBXBuildFile;
			settings = {
			};
		};
		CF103D3607AFDB880093400D = {
			fileRef = CF103D1A07AFDB880093400D;
			isa = PBXBuildFile;
			settings = {
			};
		};
		CF103D3707AFDB880093400D = {
			fileRef = CF103D1B07AFDB880093400D;
			isa = PBXBuildFile;
			settings = {
			};
		};
		CF103D3807AFDB880093400D = {
			fileRef = CF103D1C07AFDB880093400D;
			isa = PBXBuildFile;
			settings = {
			};
		};
		CF103D3907AFDB880093400D = {
			fileRef = CF103D1D07AFDB880093400D;
			isa = PBXBuildFile;
			settings = {
			};
		};
		CF103D3A07AFDB880093400D = {
			fileRef = CF103D1E07AFDB880093400D;
			isa = PBXBuildFile;
			settings = {
			};
		};
		CF103D3B07AFDB880093400D = {
			fileRef = CF103D1F07AFDB880093400D;
			isa = PBXBuildFile;
			settings = {
			};
		};
		CF103D3C07AFDB880093400D = {
			fileRef = CF103D2007AFDB880093400D;
			isa = PBXBuildFile;
			settings = {
			};
		};
		CF103D3D07AFDB880093400D = {
			fileRef = CF103D2107AFDB880093400D;
			isa = PBXBuildFile;
			settings = {
			};
		};
		CF103D3E07AFDB880093400D = {
			fileRef = CF103D2207AFDB880093400D;
			isa = PBXBuildFile;
			settings = {
			};
		};
		CF103D3F07AFDB880093400D = {
			fileRef = CF103D2307AFDB880093400D;
			isa = PBXBuildFile;
			settings = {
			};
		};
		CF103D4007AFDB880093400D = {
			fileRef = CF103D2407AFDB880093400D;
			isa = PBXBuildFile;
			settings = {
			};
		};
		CF103D4107AFDB880093400D = {
			fileRef = CF103D2507AFDB880093400D;
			isa = PBXBuildFile;
			settings = {
			};
		};
		CF103D4207AFDB880093400D = {
			fileRef = CF103D2607AFDB880093400D;
			isa = PBXBuildFile;
			settings = {
			};
		};
		CF103D4307AFDBAD0093400D = {
			fileEncoding = 5;
			isa = PBXFileReference;
			lastKnownFileType = sourcecode.cpp.cpp;
			path = calculsLogiques.cpp;
			refType = 4;
			sourceTree = "<group>";
		};
		CF103D4407AFDBAD0093400D = {
			fileEncoding = 5;
			isa = PBXFileReference;
			lastKnownFileType = sourcecode.c.h;
			path = cTableVariablesBDD.h;
			refType = 4;
			sourceTree = "<group>";
		};
		CF103D4607AFDBAD0093400D = {
			fileEncoding = 5;
			isa = PBXFileReference;
			lastKnownFileType = sourcecode.cpp.cpp;
			path = opComp.cpp;
			refType = 4;
			sourceTree = "<group>";
		};
		CF103D4707AFDBAD0093400D = {
			fileEncoding = 5;
			isa = PBXFileReference;
			lastKnownFileType = sourcecode.c.h;
			path = opComp.h;
			refType = 4;
			sourceTree = "<group>";
		};
		CF103D4907AFDBAD0093400D = {
			fileEncoding = 5;
			isa = PBXFileReference;
			lastKnownFileType = sourcecode.c.h;
			path = typeCalcul.h;
			refType = 4;
			sourceTree = "<group>";
		};
		CF103D4A07AFDBAD0093400D = {
			fileEncoding = 5;
			isa = PBXFileReference;
			lastKnownFileType = sourcecode.c.h;
			path = typeFormule.h;
			refType = 4;
			sourceTree = "<group>";
		};
		CF103D4B07AFDBAD0093400D = {
			fileEncoding = 5;
			isa = PBXFileReference;
			lastKnownFileType = sourcecode.c.h;
			path = typeVariableDescriptor.h;
			refType = 4;
			sourceTree = "<group>";
		};
		CF103D4C07AFDBAD0093400D = {
			fileEncoding = 5;
			isa = PBXFileReference;
			lastKnownFileType = sourcecode.cpp.cpp;
			path = verifExternes.cpp;
			refType = 4;
			sourceTree = "<group>";
		};
		CF103D4D07AFDBAD0093400D = {
			fileRef = CF103D4307AFDBAD0093400D;
			isa = PBXBuildFile;
			settings = {
			};
		};
		CF103D4E07AFDBAD0093400D = {
			fileRef = CF103D4407AFDBAD0093400D;
			isa = PBXBuildFile;
			settings = {
			};
		};
		CF103D5007AFDBAD0093400D = {
			fileRef = CF103D4607AFDBAD0093400D;
			isa = PBXBuildFile;
			settings = {
			};
		};
		CF103D5107AFDBAD0093400D = {
			fileRef = CF103D4707AFDBAD0093400D;
			isa = PBXBuildFile;
			settings = {
			};
		};
		CF103D5307AFDBAD0093400D = {
			fileRef = CF103D4907AFDBAD0093400D;
			isa = PBXBuildFile;
			settings = {
			};
		};
		CF103D5407AFDBAD0093400D = {
			fileRef = CF103D4A07AFDBAD0093400D;
			isa = PBXBuildFile;
			settings = {
			};
		};
		CF103D5507AFDBAD0093400D = {
			fileRef = CF103D4B07AFDBAD0093400D;
			isa = PBXBuildFile;
			settings = {
			};
		};
		CF103D5607AFDBAD0093400D = {
			fileRef = CF103D4C07AFDBAD0093400D;
			isa = PBXBuildFile;
			settings = {
			};
		};
		CF103D5707AFDBD10093400D = {
			fileRef = CF103D4307AFDBAD0093400D;
			isa = PBXBuildFile;
			settings = {
			};
		};
		CF103D5807AFDBD20093400D = {
			fileRef = CF103D4407AFDBAD0093400D;
			isa = PBXBuildFile;
			settings = {
			};
		};
		CF103D5907AFDBD20093400D = {
			fileRef = CF103D4607AFDBAD0093400D;
			isa = PBXBuildFile;
			settings = {
			};
		};
		CF103D5A07AFDBD30093400D = {
			fileRef = CF103D4707AFDBAD0093400D;
			isa = PBXBuildFile;
			settings = {
			};
		};
		CF103D5B07AFDBD30093400D = {
			fileRef = CF103D4907AFDBAD0093400D;
			isa = PBXBuildFile;
			settings = {
			};
		};
		CF103D5C07AFDBD40093400D = {
			fileRef = CF103D4A07AFDBAD0093400D;
			isa = PBXBuildFile;
			settings = {
			};
		};
		CF103D5D07AFDBD50093400D = {
			fileRef = CF103D4B07AFDBAD0093400D;
			isa = PBXBuildFile;
			settings = {
			};
		};
		CF103D5E07AFDBD50093400D = {
			fileRef = CF103D4C07AFDBAD0093400D;
			isa = PBXBuildFile;
			settings = {
			};
		};
		CF103D5F07AFDC4D0093400D = {
			children = (
				CF103D6607AFDCAD0093400D,
				CF103D6707AFDCAD0093400D,
				CF103D6007AFDC7B0093400D,
				CF103D6107AFDC7B0093400D,
			);
			isa = PBXGroup;
			name = BDD;
			path = ../../libpm/bdd;
			refType = 2;
			sourceTree = SOURCE_ROOT;
		};
		CF103D6007AFDC7B0093400D = {
			fileEncoding = 5;
			isa = PBXFileReference;
			lastKnownFileType = sourcecode.cpp.cpp;
			path = C_bdd.cpp;
			refType = 4;
			sourceTree = "<group>";
		};
		CF103D6107AFDC7B0093400D = {
			fileEncoding = 5;
			isa = PBXFileReference;
			lastKnownFileType = sourcecode.c.h;
			path = C_bdd.h;
			refType = 4;
			sourceTree = "<group>";
		};
		CF103D6207AFDC7B0093400D = {
			fileRef = CF103D6007AFDC7B0093400D;
			isa = PBXBuildFile;
			settings = {
			};
		};
		CF103D6307AFDC7B0093400D = {
			fileRef = CF103D6107AFDC7B0093400D;
			isa = PBXBuildFile;
			settings = {
			};
		};
		CF103D6407AFDC7B0093400D = {
			fileRef = CF103D6007AFDC7B0093400D;
			isa = PBXBuildFile;
			settings = {
			};
		};
		CF103D6507AFDC7B0093400D = {
			fileRef = CF103D6107AFDC7B0093400D;
			isa = PBXBuildFile;
			settings = {
			};
		};
		CF103D6607AFDCAD0093400D = {
			fileEncoding = 5;
			isa = PBXFileReference;
			lastKnownFileType = sourcecode.cpp.cpp;
			path = C_display_bdd.cpp;
			refType = 4;
			sourceTree = "<group>";
		};
		CF103D6707AFDCAD0093400D = {
			fileEncoding = 5;
			isa = PBXFileReference;
			lastKnownFileType = sourcecode.c.h;
			path = C_display_bdd.h;
			refType = 4;
			sourceTree = "<group>";
		};
		CF103D6807AFDCAD0093400D = {
			fileRef = CF103D6607AFDCAD0093400D;
			isa = PBXBuildFile;
			settings = {
			};
		};
		CF103D6907AFDCAD0093400D = {
			fileRef = CF103D6707AFDCAD0093400D;
			isa = PBXBuildFile;
			settings = {
			};
		};
		CF103D6A07AFDCAD0093400D = {
			fileRef = CF103D6607AFDCAD0093400D;
			isa = PBXBuildFile;
			settings = {
			};
		};
		CF103D6B07AFDCAD0093400D = {
			fileRef = CF103D6707AFDCAD0093400D;
			isa = PBXBuildFile;
			settings = {
			};
		};
		CF103D6C07AFDCCD0093400D = {
			fileEncoding = 5;
			isa = PBXFileReference;
			lastKnownFileType = sourcecode.c.h;
			path = AC_galgas_map.h;
			refType = 4;
			sourceTree = "<group>";
		};
		CF103D6D07AFDCCD0093400D = {
			fileEncoding = 5;
			isa = PBXFileReference;
			lastKnownFileType = sourcecode.cpp.cpp;
			path = C_galgas_bdd.cpp;
			refType = 4;
			sourceTree = "<group>";
		};
		CF103D6E07AFDCCD0093400D = {
			fileEncoding = 5;
			isa = PBXFileReference;
			lastKnownFileType = sourcecode.c.h;
			path = C_galgas_bdd.h;
			refType = 4;
			sourceTree = "<group>";
		};
		CF103D6F07AFDCCD0093400D = {
			fileRef = CF103D6C07AFDCCD0093400D;
			isa = PBXBuildFile;
			settings = {
			};
		};
		CF103D7007AFDCCD0093400D = {
			fileRef = CF103D6D07AFDCCD0093400D;
			isa = PBXBuildFile;
			settings = {
			};
		};
		CF103D7107AFDCCD0093400D = {
			fileRef = CF103D6E07AFDCCD0093400D;
			isa = PBXBuildFile;
			settings = {
			};
		};
		CF103D7207AFDCCD0093400D = {
			fileRef = CF103D6C07AFDCCD0093400D;
			isa = PBXBuildFile;
			settings = {
			};
		};
		CF103D7307AFDCCD0093400D = {
			fileRef = CF103D6D07AFDCCD0093400D;
			isa = PBXBuildFile;
			settings = {
			};
		};
		CF103D7407AFDCCD0093400D = {
			fileRef = CF103D6E07AFDCCD0093400D;
			isa = PBXBuildFile;
			settings = {
			};
		};
		CF103D8807AFE6C80093400D = {
			fileEncoding = 5;
			isa = PBXFileReference;
			lastKnownFileType = text.man;
			path = kerbdd.1;
			refType = 4;
			sourceTree = "<group>";
		};
		CF103D8907AFE6C80093400D = {
			fileRef = CF103D8807AFE6C80093400D;
			isa = PBXBuildFile;
			settings = {
			};
		};
		CF103D8A07AFE8230093400D = {
			fileRef = CF103D1F07AFDB880093400D;
			isa = PBXBuildFile;
			settings = {
			};
		};
		CF103D8C07AFE8340093400D = {
			fileEncoding = 5;
			isa = PBXFileReference;
			lastKnownFileType = sourcecode.cpp.objcpp;
			path = cocoaKerBDD.mm;
			refType = 4;
			sourceTree = "<group>";
		};
		CF103D8D07AFE8340093400D = {
			fileRef = CF103D8C07AFE8340093400D;
			isa = PBXBuildFile;
			settings = {
			};
		};
		CF103D8E07AFE8FA0093400D = {
			fileRef = CF103D4607AFDBAD0093400D;
			isa = PBXBuildFile;
			settings = {
			};
		};
		CF2A8827058CCF12003EF2F4 = {
			fileRef = CF86361A0586289600B23462;
			isa = PBXBuildFile;
			settings = {
			};
		};
		CF2A8828058CCF2B003EF2F4 = {
			fileRef = CF86361B0586289600B23462;
			isa = PBXBuildFile;
			settings = {
			};
		};
		CF2A882C058CCF2E003EF2F4 = {
			fileRef = CF3FF0BC05877B62000D2F8C;
			isa = PBXBuildFile;
			settings = {
			};
		};
		CF2A882D058CCF2F003EF2F4 = {
			fileRef = CF86365005862B0600B23462;
			isa = PBXBuildFile;
			settings = {
			};
		};
		CF2A882E058CCF30003EF2F4 = {
			fileRef = CF86365105862B0600B23462;
			isa = PBXBuildFile;
			settings = {
			};
		};
		CF2A8841058CCF42003EF2F4 = {
			fileRef = CF3FF0C005877B62000D2F8C;
			isa = PBXBuildFile;
			settings = {
			};
		};
		CF2A8842058CCF43003EF2F4 = {
			fileRef = CFF53881057A558F00854C83;
			isa = PBXBuildFile;
			settings = {
			};
		};
		CF2A8843058CCF43003EF2F4 = {
			fileRef = CF3FF0C105877B62000D2F8C;
			isa = PBXBuildFile;
			settings = {
			};
		};
		CF2A8844058CCF44003EF2F4 = {
			fileRef = CFF53883057A558F00854C83;
			isa = PBXBuildFile;
			settings = {
			};
		};
		CF2A8845058CCF45003EF2F4 = {
			fileRef = CF3FF0C205877B62000D2F8C;
			isa = PBXBuildFile;
			settings = {
			};
		};
		CF2A8846058CCF46003EF2F4 = {
			fileRef = CFF53885057A558F00854C83;
			isa = PBXBuildFile;
			settings = {
			};
		};
		CF2A8847058CCF49003EF2F4 = {
			fileRef = CF3FF0C305877B62000D2F8C;
			isa = PBXBuildFile;
			settings = {
			};
		};
		CF2A8848058CCF4A003EF2F4 = {
			fileRef = CFF53889057A558F00854C83;
			isa = PBXBuildFile;
			settings = {
			};
		};
		CF2A8849058CCF4B003EF2F4 = {
			fileRef = CF3FF0C405877B62000D2F8C;
			isa = PBXBuildFile;
			settings = {
			};
		};
		CF2A884A058CCF4B003EF2F4 = {
			fileRef = CFF5388B057A558F00854C83;
			isa = PBXBuildFile;
			settings = {
			};
		};
		CF2A884B058CCF4C003EF2F4 = {
			fileRef = CF3FF0C505877B62000D2F8C;
			isa = PBXBuildFile;
			settings = {
			};
		};
		CF2A884C058CCF4D003EF2F4 = {
			fileRef = CFF5388D057A558F00854C83;
			isa = PBXBuildFile;
			settings = {
			};
		};
		CF2A884D058CCF4E003EF2F4 = {
			fileRef = CF3FF0C605877B62000D2F8C;
			isa = PBXBuildFile;
			settings = {
			};
		};
		CF2A884E058CCF4F003EF2F4 = {
			fileRef = CFF5388F057A558F00854C83;
			isa = PBXBuildFile;
			settings = {
			};
		};
		CF2A884F058CCF50003EF2F4 = {
			fileRef = CF3FF0C705877B62000D2F8C;
			isa = PBXBuildFile;
			settings = {
			};
		};
		CF2A8850058CCF51003EF2F4 = {
			fileRef = CFF53891057A558F00854C83;
			isa = PBXBuildFile;
			settings = {
			};
		};
		CF2A8851058CCF52003EF2F4 = {
			fileRef = CF3FF0C805877B62000D2F8C;
			isa = PBXBuildFile;
			settings = {
			};
		};
		CF2A8852058CCF53003EF2F4 = {
			fileRef = CFF53893057A558F00854C83;
			isa = PBXBuildFile;
			settings = {
			};
		};
		CF2A8853058CCF54003EF2F4 = {
			fileRef = CF3FF0C905877B62000D2F8C;
			isa = PBXBuildFile;
			settings = {
			};
		};
		CF2A8854058CCF55003EF2F4 = {
			fileRef = CFF53895057A558F00854C83;
			isa = PBXBuildFile;
			settings = {
			};
		};
		CF2A8855058CCF55003EF2F4 = {
			fileRef = CF3FF0CA05877B62000D2F8C;
			isa = PBXBuildFile;
			settings = {
			};
		};
		CF2A8856058CCF56003EF2F4 = {
			fileRef = CFF53897057A558F00854C83;
			isa = PBXBuildFile;
			settings = {
			};
		};
		CF2A8857058CCF57003EF2F4 = {
			fileRef = CF3FF0CB05877B62000D2F8C;
			isa = PBXBuildFile;
			settings = {
			};
		};
		CF31E0ED0598DF5400814123 = {
			children = (
				CF825B2D085370C50077AEAF,
				CF825B2E085370C50077AEAF,
				CF825B2F085370C50077AEAF,
				CF825B30085370C50077AEAF,
				CF825B31085370C50077AEAF,
				CF825B32085370C50077AEAF,
				CF825B33085370C50077AEAF,
				CF825B34085370C50077AEAF,
				CF825B35085370C50077AEAF,
				CF825B36085370C50077AEAF,
			);
			isa = PBXGroup;
			path = command_line_interface;
			refType = 4;
			sourceTree = "<group>";
		};
		CF3B8A80058CD05C00D682D2 = {
			fileRef = CF3FF0B705877B62000D2F8C;
			isa = PBXBuildFile;
			settings = {
			};
		};
		CF3B8A81058CD05D00D682D2 = {
			fileRef = CFF53872057A558F00854C83;
			isa = PBXBuildFile;
			settings = {
			};
		};
		CF3B8A9B058CD21900D682D2 = {
			isa = PBXFileReference;
			lastKnownFileType = archive.ar;
			name = "libstdc++.a";
			path = "/usr/lib/gcc/darwin/3.3/libstdc++.a";
			refType = 0;
			sourceTree = "<absolute>";
		};
		CF3B8A9C058CD21900D682D2 = {
			fileRef = CF3B8A9B058CD21900D682D2;
			isa = PBXBuildFile;
			settings = {
			};
		};
		CF3FF0B705877B62000D2F8C = {
			fileEncoding = 30;
			isa = PBXFileReference;
			lastKnownFileType = sourcecode.c.h;
			path = AC_galgas_io.h;
			refType = 4;
			sourceTree = "<group>";
		};
		CF3FF0BC05877B62000D2F8C = {
			fileEncoding = 30;
			isa = PBXFileReference;
			lastKnownFileType = sourcecode.c.h;
			path = C_galgas_stringset.h;
			refType = 4;
			sourceTree = "<group>";
		};
		CF3FF0C005877B62000D2F8C = {
			fileEncoding = 30;
			isa = PBXFileReference;
			lastKnownFileType = sourcecode.c.h;
			path = galgas_header.h;
			refType = 4;
			sourceTree = "<group>";
		};
		CF3FF0C105877B62000D2F8C = {
			fileEncoding = 30;
			isa = PBXFileReference;
			lastKnownFileType = sourcecode.c.h;
			path = GGS_bool.h;
			refType = 4;
			sourceTree = "<group>";
		};
		CF3FF0C205877B62000D2F8C = {
			fileEncoding = 30;
			isa = PBXFileReference;
			lastKnownFileType = sourcecode.c.h;
			path = GGS_char.h;
			refType = 4;
			sourceTree = "<group>";
		};
		CF3FF0C305877B62000D2F8C = {
			fileEncoding = 30;
			isa = PBXFileReference;
			lastKnownFileType = sourcecode.c.h;
			path = GGS_dfloat.h;
			refType = 4;
			sourceTree = "<group>";
		};
		CF3FF0C405877B62000D2F8C = {
			fileEncoding = 30;
			isa = PBXFileReference;
			lastKnownFileType = sourcecode.c.h;
			path = GGS_lbool.h;
			refType = 4;
			sourceTree = "<group>";
		};
		CF3FF0C505877B62000D2F8C = {
			fileEncoding = 30;
			isa = PBXFileReference;
			lastKnownFileType = sourcecode.c.h;
			path = GGS_lchar.h;
			refType = 4;
			sourceTree = "<group>";
		};
		CF3FF0C605877B62000D2F8C = {
			fileEncoding = 30;
			isa = PBXFileReference;
			lastKnownFileType = sourcecode.c.h;
			path = GGS_ldfloat.h;
			refType = 4;
			sourceTree = "<group>";
		};
		CF3FF0C705877B62000D2F8C = {
			fileEncoding = 30;
			isa = PBXFileReference;
			lastKnownFileType = sourcecode.c.h;
			path = GGS_location.h;
			refType = 4;
			sourceTree = "<group>";
		};
		CF3FF0C805877B62000D2F8C = {
			fileEncoding = 30;
			isa = PBXFileReference;
			lastKnownFileType = sourcecode.c.h;
			path = GGS_lstring.h;
			refType = 4;
			sourceTree = "<group>";
		};
		CF3FF0C905877B62000D2F8C = {
			fileEncoding = 30;
			isa = PBXFileReference;
			lastKnownFileType = sourcecode.c.h;
			path = GGS_luint.h;
			refType = 4;
			sourceTree = "<group>";
		};
		CF3FF0CA05877B62000D2F8C = {
			fileEncoding = 30;
			isa = PBXFileReference;
			lastKnownFileType = sourcecode.c.h;
			path = GGS_string.h;
			refType = 4;
			sourceTree = "<group>";
		};
		CF3FF0CB05877B62000D2F8C = {
			fileEncoding = 30;
			isa = PBXFileReference;
			lastKnownFileType = sourcecode.c.h;
			path = GGS_uint.h;
			refType = 4;
			sourceTree = "<group>";
		};
		CF3FF14005878B33000D2F8C = {
			children = (
				CF825B63085371390077AEAF,
				CF825B64085371390077AEAF,
			);
			isa = PBXGroup;
			path = generic_arraies;
			refType = 4;
			sourceTree = "<group>";
		};
		CF4518F605FCAE44008D4817 = {
			explicitFileType = "compiled.mach-o.executable";
			includeInIndex = 0;
			isa = PBXFileReference;
			path = kerbdd;
			refType = 3;
			sourceTree = BUILT_PRODUCTS_DIR;
		};
		CF4518F805FCAE44008D4817 = {
			explicitFileType = wrapper.application;
			includeInIndex = 0;
			isa = PBXFileReference;
			path = CocoaKerBDD.app;
			refType = 3;
			sourceTree = BUILT_PRODUCTS_DIR;
		};
		CF4518FA05FCAE44008D4817 = {
			explicitFileType = "compiled.mach-o.executable";
			includeInIndex = 0;
			isa = PBXFileReference;
			path = kerbdd_debug;
			refType = 3;
			sourceTree = BUILT_PRODUCTS_DIR;
		};
		CF45190205FCAEC7008D4817 = {
			fileRef = CF4518F605FCAE44008D4817;
			isa = PBXBuildFile;
			settings = {
			};
		};
		CF7A1400058CEFE2007126C1 = {
			buildActionMask = 2147483647;
			files = (
				CF7A1471058D00B2007126C1,
				CF7A1475058D00B5007126C1,
				CF7A1477058D00B7007126C1,
				CF7A1487058D00FE007126C1,
				CF7A148D058D0109007126C1,
				CF7A148F058D010B007126C1,
				CF7A1491058D010D007126C1,
				CF7A1493058D010F007126C1,
				CF7A1495058D0110007126C1,
				CF7A1497058D0112007126C1,
				CF7A1499058D0114007126C1,
				CF7A149B058D0116007126C1,
				CF7A149D058D011E007126C1,
				CF7A149F058D0120007126C1,
				CF7A14A1058D0122007126C1,
				CF7A14A3058D0124007126C1,
				CF103D3607AFDB880093400D,
				CF103D3707AFDB880093400D,
				CF103D3807AFDB880093400D,
				CF103D3907AFDB880093400D,
				CF103D3A07AFDB880093400D,
				CF103D3C07AFDB880093400D,
				CF103D3E07AFDB880093400D,
				CF103D4007AFDB880093400D,
				CF103D4207AFDB880093400D,
				CF103D5807AFDBD20093400D,
				CF103D5A07AFDBD30093400D,
				CF103D5B07AFDBD30093400D,
				CF103D5C07AFDBD40093400D,
				CF103D5D07AFDBD50093400D,
				CF103D6507AFDC7B0093400D,
				CF103D6B07AFDCAD0093400D,
				CF103D7207AFDCCD0093400D,
				CF103D7407AFDCCD0093400D,
				CF825B06085370680077AEAF,
				CF825B08085370680077AEAF,
				CF825B42085370C50077AEAF,
				CF825B44085370C50077AEAF,
				CF825B46085370C50077AEAF,
				CF825B48085370C50077AEAF,
				CF825B4A085370C50077AEAF,
				CF825B50085370DC0077AEAF,
				CF825B5E085371090077AEAF,
				CF825B60085371090077AEAF,
				CF825B62085371090077AEAF,
				CF825B67085371390077AEAF,
				CF825B68085371390077AEAF,
				CF825B72085371570077AEAF,
				CF825B74085371570077AEAF,
				CF825B7E0853716F0077AEAF,
				CF825B800853716F0077AEAF,
				CF825B9E085371910077AEAF,
				CF825BA0085371910077AEAF,
				CF825BA2085371910077AEAF,
				CF825BA4085371910077AEAF,
				CF825BA5085371910077AEAF,
				CF825BA6085371910077AEAF,
				CF825BA8085371910077AEAF,
				CF825BAA085371910077AEAF,
			);
			isa = PBXHeadersBuildPhase;
			runOnlyForDeploymentPostprocessing = 0;
		};
		CF7A1401058CEFE2007126C1 = {
			buildActionMask = 2147483647;
			files = (
				CF7A1470058D00B1007126C1,
				CF7A1476058D00B6007126C1,
				CF7A1486058D00FD007126C1,
				CF7A148E058D010A007126C1,
				CF7A1490058D010C007126C1,
				CF7A1492058D010E007126C1,
				CF7A1494058D0110007126C1,
				CF7A1496058D0111007126C1,
				CF7A1498058D0113007126C1,
				CF7A149A058D0115007126C1,
				CF7A149C058D011D007126C1,
				CF7A149E058D011F007126C1,
				CF7A14A0058D0121007126C1,
				CF7A14A2058D0123007126C1,
				CFAC5158062158B500AF7FE3,
				CF103D3507AFDB880093400D,
				CF103D3B07AFDB880093400D,
				CF103D3D07AFDB880093400D,
				CF103D3F07AFDB880093400D,
				CF103D4107AFDB880093400D,
				CF103D5707AFDBD10093400D,
				CF103D5907AFDBD20093400D,
				CF103D5E07AFDBD50093400D,
				CF103D6407AFDC7B0093400D,
				CF103D6A07AFDCAD0093400D,
				CF103D7307AFDCCD0093400D,
				CF825B05085370680077AEAF,
				CF825B07085370680077AEAF,
				CF825B41085370C50077AEAF,
				CF825B43085370C50077AEAF,
				CF825B45085370C50077AEAF,
				CF825B47085370C50077AEAF,
				CF825B49085370C50077AEAF,
				CF825B4F085370DC0077AEAF,
				CF825B5D085371090077AEAF,
				CF825B5F085371090077AEAF,
				CF825B61085371090077AEAF,
				CF825B71085371570077AEAF,
				CF825B73085371570077AEAF,
				CF825B7D0853716F0077AEAF,
				CF825B7F0853716F0077AEAF,
				CF825B9D085371910077AEAF,
				CF825B9F085371910077AEAF,
				CF825BA1085371910077AEAF,
				CF825BA3085371910077AEAF,
				CF825BA7085371910077AEAF,
				CF825BA9085371910077AEAF,
			);
			isa = PBXSourcesBuildPhase;
			runOnlyForDeploymentPostprocessing = 0;
		};
		CF7A1402058CEFE2007126C1 = {
			buildPhases = (
				CF7A1400058CEFE2007126C1,
				CF7A1401058CEFE2007126C1,
			);
			buildRules = (
				CF825BBA08537E7B0077AEAF,
			);
			buildSettings = {
				GCC_OPTIMIZATION_LEVEL = 0;
				GCC_PRECOMPILE_PREFIX_HEADER = NO;
				GCC_PREFIX_HEADER = "";
				GCC_WARN_ABOUT_MISSING_PROTOTYPES = YES;
				GCC_WARN_EFFECTIVE_CPLUSPLUS_VIOLATIONS = YES;
				GCC_WARN_FOUR_CHARACTER_CONSTANTS = NO;
				GCC_WARN_HIDDEN_VIRTUAL_FUNCTIONS = YES;
				GCC_WARN_NON_VIRTUAL_DESTRUCTOR = YES;
				GCC_WARN_UNKNOWN_PRAGMAS = NO;
				HEADER_SEARCH_PATHS = "../galgas_generated_sources ../hand_coded_sources ../../libpm";
				INSTALL_PATH = /usr/local/bin;
				OTHER_CFLAGS = "";
				OTHER_LDFLAGS = "";
				OTHER_REZFLAGS = "";
				PRODUCT_NAME = kerbdd_debug;
				SECTORDER_FLAGS = "";
				WARNING_CFLAGS = "-Wmost";
			};
			dependencies = (
			);
			isa = PBXNativeTarget;
			name = "Kerbdd tool debug";
			productName = galgasDebug;
			productReference = CF4518FA05FCAE44008D4817;
			productType = "com.apple.product-type.tool";
		};
		CF7A1470058D00B1007126C1 = {
			fileRef = CF86361A0586289600B23462;
			isa = PBXBuildFile;
			settings = {
			};
		};
		CF7A1471058D00B2007126C1 = {
			fileRef = CF86361B0586289600B23462;
			isa = PBXBuildFile;
			settings = {
			};
		};
		CF7A1475058D00B5007126C1 = {
			fileRef = CF3FF0BC05877B62000D2F8C;
			isa = PBXBuildFile;
			settings = {
			};
		};
		CF7A1476058D00B6007126C1 = {
			fileRef = CF86365005862B0600B23462;
			isa = PBXBuildFile;
			settings = {
			};
		};
		CF7A1477058D00B7007126C1 = {
			fileRef = CF86365105862B0600B23462;
			isa = PBXBuildFile;
			settings = {
			};
		};
		CF7A1486058D00FD007126C1 = {
			fileRef = CFF53872057A558F00854C83;
			isa = PBXBuildFile;
			settings = {
			};
		};
		CF7A1487058D00FE007126C1 = {
			fileRef = CF3FF0B705877B62000D2F8C;
			isa = PBXBuildFile;
			settings = {
			};
		};
		CF7A148D058D0109007126C1 = {
			fileRef = CF3FF0C005877B62000D2F8C;
			isa = PBXBuildFile;
			settings = {
			};
		};
		CF7A148E058D010A007126C1 = {
			fileRef = CFF53881057A558F00854C83;
			isa = PBXBuildFile;
			settings = {
			};
		};
		CF7A148F058D010B007126C1 = {
			fileRef = CF3FF0C105877B62000D2F8C;
			isa = PBXBuildFile;
			settings = {
			};
		};
		CF7A1490058D010C007126C1 = {
			fileRef = CFF53883057A558F00854C83;
			isa = PBXBuildFile;
			settings = {
			};
		};
		CF7A1491058D010D007126C1 = {
			fileRef = CF3FF0C205877B62000D2F8C;
			isa = PBXBuildFile;
			settings = {
			};
		};
		CF7A1492058D010E007126C1 = {
			fileRef = CFF53885057A558F00854C83;
			isa = PBXBuildFile;
			settings = {
			};
		};
		CF7A1493058D010F007126C1 = {
			fileRef = CF3FF0C305877B62000D2F8C;
			isa = PBXBuildFile;
			settings = {
			};
		};
		CF7A1494058D0110007126C1 = {
			fileRef = CFF53889057A558F00854C83;
			isa = PBXBuildFile;
			settings = {
			};
		};
		CF7A1495058D0110007126C1 = {
			fileRef = CF3FF0C405877B62000D2F8C;
			isa = PBXBuildFile;
			settings = {
			};
		};
		CF7A1496058D0111007126C1 = {
			fileRef = CFF5388B057A558F00854C83;
			isa = PBXBuildFile;
			settings = {
			};
		};
		CF7A1497058D0112007126C1 = {
			fileRef = CF3FF0C505877B62000D2F8C;
			isa = PBXBuildFile;
			settings = {
			};
		};
		CF7A1498058D0113007126C1 = {
			fileRef = CFF5388D057A558F00854C83;
			isa = PBXBuildFile;
			settings = {
			};
		};
		CF7A1499058D0114007126C1 = {
			fileRef = CF3FF0C605877B62000D2F8C;
			isa = PBXBuildFile;
			settings = {
			};
		};
		CF7A149A058D0115007126C1 = {
			fileRef = CFF5388F057A558F00854C83;
			isa = PBXBuildFile;
			settings = {
			};
		};
		CF7A149B058D0116007126C1 = {
			fileRef = CF3FF0C705877B62000D2F8C;
			isa = PBXBuildFile;
			settings = {
			};
		};
		CF7A149C058D011D007126C1 = {
			fileRef = CFF53891057A558F00854C83;
			isa = PBXBuildFile;
			settings = {
			};
		};
		CF7A149D058D011E007126C1 = {
			fileRef = CF3FF0C805877B62000D2F8C;
			isa = PBXBuildFile;
			settings = {
			};
		};
		CF7A149E058D011F007126C1 = {
			fileRef = CFF53893057A558F00854C83;
			isa = PBXBuildFile;
			settings = {
			};
		};
		CF7A149F058D0120007126C1 = {
			fileRef = CF3FF0C905877B62000D2F8C;
			isa = PBXBuildFile;
			settings = {
			};
		};
		CF7A14A0058D0121007126C1 = {
			fileRef = CFF53895057A558F00854C83;
			isa = PBXBuildFile;
			settings = {
			};
		};
		CF7A14A1058D0122007126C1 = {
			fileRef = CF3FF0CA05877B62000D2F8C;
			isa = PBXBuildFile;
			settings = {
			};
		};
		CF7A14A2058D0123007126C1 = {
			fileRef = CFF53897057A558F00854C83;
			isa = PBXBuildFile;
			settings = {
			};
		};
		CF7A14A3058D0124007126C1 = {
			fileRef = CF3FF0CB05877B62000D2F8C;
			isa = PBXBuildFile;
			settings = {
			};
		};
		CF825AFD085370680077AEAF = {
			fileEncoding = 5;
			isa = PBXFileReference;
			lastKnownFileType = sourcecode.cpp.cpp;
			path = C_PrimeCache2.cpp;
			refType = 4;
			sourceTree = "<group>";
		};
		CF825AFE085370680077AEAF = {
			fileEncoding = 5;
			isa = PBXFileReference;
			lastKnownFileType = sourcecode.c.h;
			path = C_PrimeCache2.h;
			refType = 4;
			sourceTree = "<group>";
		};
		CF825AFF085370680077AEAF = {
			fileEncoding = 5;
			isa = PBXFileReference;
			lastKnownFileType = sourcecode.cpp.cpp;
			path = C_PrimeCache3.cpp;
			refType = 4;
			sourceTree = "<group>";
		};
		CF825B00085370680077AEAF = {
			fileEncoding = 5;
			isa = PBXFileReference;
			lastKnownFileType = sourcecode.c.h;
			path = C_PrimeCache3.h;
			refType = 4;
			sourceTree = "<group>";
		};
		CF825B01085370680077AEAF = {
			fileRef = CF825AFD085370680077AEAF;
			isa = PBXBuildFile;
			settings = {
			};
		};
		CF825B02085370680077AEAF = {
			fileRef = CF825AFE085370680077AEAF;
			isa = PBXBuildFile;
			settings = {
			};
		};
		CF825B03085370680077AEAF = {
			fileRef = CF825AFF085370680077AEAF;
			isa = PBXBuildFile;
			settings = {
			};
		};
		CF825B04085370680077AEAF = {
			fileRef = CF825B00085370680077AEAF;
			isa = PBXBuildFile;
			settings = {
			};
		};
		CF825B05085370680077AEAF = {
			fileRef = CF825AFD085370680077AEAF;
			isa = PBXBuildFile;
			settings = {
			};
		};
		CF825B06085370680077AEAF = {
			fileRef = CF825AFE085370680077AEAF;
			isa = PBXBuildFile;
			settings = {
			};
		};
		CF825B07085370680077AEAF = {
			fileRef = CF825AFF085370680077AEAF;
			isa = PBXBuildFile;
			settings = {
			};
		};
		CF825B08085370680077AEAF = {
			fileRef = CF825B00085370680077AEAF;
			isa = PBXBuildFile;
			settings = {
			};
		};
		CF825B09085370910077AEAF = {
			isa = PBXFileReference;
			lastKnownFileType = image.tiff;
			path = I_Action.tiff;
			refType = 4;
			sourceTree = "<group>";
		};
		CF825B0A085370910077AEAF = {
			isa = PBXFileReference;
			lastKnownFileType = image.tiff;
			path = I_SaveAs.tiff;
			refType = 4;
			sourceTree = "<group>";
		};
		CF825B0B085370910077AEAF = {
			isa = PBXFileReference;
			lastKnownFileType = image.tiff;
			path = I_Stop.tiff;
			refType = 4;
			sourceTree = "<group>";
		};
		CF825B0C085370910077AEAF = {
			isa = PBXFileReference;
			lastKnownFileType = image.png;
			path = I_Window.png;
			refType = 4;
			sourceTree = "<group>";
		};
		CF825B0D085370910077AEAF = {
			fileEncoding = 5;
			isa = PBXFileReference;
			lastKnownFileType = sourcecode.c.h;
			path = OC_GGS_BuildWindowController.h;
			refType = 4;
			sourceTree = "<group>";
		};
		CF825B0E085370910077AEAF = {
			fileEncoding = 5;
			isa = PBXFileReference;
			lastKnownFileType = sourcecode.cpp.objcpp;
			path = OC_GGS_BuildWindowController.mm;
			refType = 4;
			sourceTree = "<group>";
		};
		CF825B0F085370910077AEAF = {
			fileEncoding = 5;
			isa = PBXFileReference;
			lastKnownFileType = sourcecode.c.h;
			path = OC_GGS_Document.h;
			refType = 4;
			sourceTree = "<group>";
		};
		CF825B10085370910077AEAF = {
			fileEncoding = 5;
			isa = PBXFileReference;
			lastKnownFileType = sourcecode.cpp.objcpp;
			path = OC_GGS_Document.mm;
			refType = 4;
			sourceTree = "<group>";
		};
		CF825B11085370910077AEAF = {
			fileEncoding = 5;
			isa = PBXFileReference;
			lastKnownFileType = sourcecode.c.h;
			path = OC_GGS_PreferencesController.h;
			refType = 4;
			sourceTree = "<group>";
		};
		CF825B12085370910077AEAF = {
			fileEncoding = 5;
			isa = PBXFileReference;
			lastKnownFileType = sourcecode.cpp.objcpp;
			path = OC_GGS_PreferencesController.mm;
			refType = 4;
			sourceTree = "<group>";
		};
		CF825B13085370910077AEAF = {
			fileEncoding = 5;
			isa = PBXFileReference;
			lastKnownFileType = sourcecode.c.h;
			path = OC_GGS_RulerView.h;
			refType = 4;
			sourceTree = "<group>";
		};
		CF825B14085370910077AEAF = {
			fileEncoding = 5;
			isa = PBXFileReference;
			lastKnownFileType = sourcecode.cpp.objcpp;
			path = OC_GGS_RulerView.mm;
			refType = 4;
			sourceTree = "<group>";
		};
		CF825B15085370910077AEAF = {
			fileEncoding = 5;
			isa = PBXFileReference;
			lastKnownFileType = sourcecode.c.h;
			path = OC_GGS_TextView.h;
			refType = 4;
			sourceTree = "<group>";
		};
		CF825B16085370910077AEAF = {
			fileEncoding = 5;
			isa = PBXFileReference;
			lastKnownFileType = sourcecode.cpp.objcpp;
			path = OC_GGS_TextView.mm;
			refType = 4;
			sourceTree = "<group>";
		};
		CF825B17085370910077AEAF = {
			fileEncoding = 5;
			isa = PBXFileReference;
			lastKnownFileType = sourcecode.c.h;
			path = PP_CocoaGalgasPrefix.pch;
			refType = 4;
			sourceTree = "<group>";
		};
		CF825B18085370910077AEAF = {
			fileRef = CF825B09085370910077AEAF;
			isa = PBXBuildFile;
			settings = {
			};
		};
		CF825B19085370910077AEAF = {
			fileRef = CF825B0A085370910077AEAF;
			isa = PBXBuildFile;
			settings = {
			};
		};
		CF825B1A085370910077AEAF = {
			fileRef = CF825B0B085370910077AEAF;
			isa = PBXBuildFile;
			settings = {
			};
		};
		CF825B1B085370910077AEAF = {
			fileRef = CF825B0C085370910077AEAF;
			isa = PBXBuildFile;
			settings = {
			};
		};
		CF825B1D085370910077AEAF = {
			fileRef = CF825B0E085370910077AEAF;
			isa = PBXBuildFile;
			settings = {
			};
		};
		CF825B1F085370910077AEAF = {
			fileRef = CF825B10085370910077AEAF;
			isa = PBXBuildFile;
			settings = {
			};
		};
		CF825B21085370910077AEAF = {
			fileRef = CF825B12085370910077AEAF;
			isa = PBXBuildFile;
			settings = {
			};
		};
		CF825B23085370910077AEAF = {
			fileRef = CF825B14085370910077AEAF;
			isa = PBXBuildFile;
			settings = {
			};
		};
		CF825B25085370910077AEAF = {
			fileRef = CF825B16085370910077AEAF;
			isa = PBXBuildFile;
			settings = {
			};
		};
		CF825B27085370A10077AEAF = {
			children = (
				CF825B28085370A10077AEAF,
			);
			isa = PBXVariantGroup;
			name = MainMenu.nib;
			path = "";
			refType = 4;
			sourceTree = "<group>";
		};
		CF825B28085370A10077AEAF = {
			isa = PBXFileReference;
			lastKnownFileType = wrapper.nib;
			name = English;
			path = English.lproj/MainMenu.nib;
			refType = 4;
			sourceTree = "<group>";
		};
		CF825B29085370A10077AEAF = {
			children = (
				CF825B2A085370A10077AEAF,
			);
			isa = PBXVariantGroup;
			name = OC_GGS_Document.nib;
			path = "";
			refType = 4;
			sourceTree = "<group>";
		};
		CF825B2A085370A10077AEAF = {
			isa = PBXFileReference;
			lastKnownFileType = wrapper.nib;
			name = English;
			path = English.lproj/OC_GGS_Document.nib;
			refType = 4;
			sourceTree = "<group>";
		};
		CF825B2B085370A10077AEAF = {
			fileRef = CF825B27085370A10077AEAF;
			isa = PBXBuildFile;
			settings = {
			};
		};
		CF825B2C085370A10077AEAF = {
			fileRef = CF825B29085370A10077AEAF;
			isa = PBXBuildFile;
			settings = {
			};
		};
		CF825B2D085370C50077AEAF = {
			fileEncoding = 5;
			isa = PBXFileReference;
			lastKnownFileType = sourcecode.cpp.cpp;
			path = AC_CLI_Options.cpp;
			refType = 4;
			sourceTree = "<group>";
		};
		CF825B2E085370C50077AEAF = {
			fileEncoding = 5;
			isa = PBXFileReference;
			lastKnownFileType = sourcecode.c.h;
			path = AC_CLI_Options.h;
			refType = 4;
			sourceTree = "<group>";
		};
		CF825B2F085370C50077AEAF = {
			fileEncoding = 5;
			isa = PBXFileReference;
			lastKnownFileType = sourcecode.cpp.cpp;
			path = C_Builtin_CLI_Options.cpp;
			refType = 4;
			sourceTree = "<group>";
		};
		CF825B30085370C50077AEAF = {
			fileEncoding = 5;
			isa = PBXFileReference;
			lastKnownFileType = sourcecode.c.h;
			path = C_Builtin_CLI_Options.h;
			refType = 4;
			sourceTree = "<group>";
		};
		CF825B31085370C50077AEAF = {
			fileEncoding = 5;
			isa = PBXFileReference;
			lastKnownFileType = sourcecode.cpp.cpp;
			path = C_CLI_OptionGroup.cpp;
			refType = 4;
			sourceTree = "<group>";
		};
		CF825B32085370C50077AEAF = {
			fileEncoding = 5;
			isa = PBXFileReference;
			lastKnownFileType = sourcecode.c.h;
			path = C_CLI_OptionGroup.h;
			refType = 4;
			sourceTree = "<group>";
		};
		CF825B33085370C50077AEAF = {
			fileEncoding = 5;
			isa = PBXFileReference;
			lastKnownFileType = sourcecode.cpp.cpp;
			path = F_Analyze_CLI_Options.cpp;
			refType = 4;
			sourceTree = "<group>";
		};
		CF825B34085370C50077AEAF = {
			fileEncoding = 5;
			isa = PBXFileReference;
			lastKnownFileType = sourcecode.c.h;
			path = F_Analyze_CLI_Options.h;
			refType = 4;
			sourceTree = "<group>";
		};
		CF825B35085370C50077AEAF = {
			fileEncoding = 5;
			isa = PBXFileReference;
			lastKnownFileType = sourcecode.cpp.cpp;
			path = F_main.cpp;
			refType = 4;
			sourceTree = "<group>";
		};
		CF825B36085370C50077AEAF = {
			fileEncoding = 5;
			isa = PBXFileReference;
			lastKnownFileType = sourcecode.c.h;
			path = mainForLIBPM.h;
			refType = 4;
			sourceTree = "<group>";
		};
		CF825B37085370C50077AEAF = {
			fileRef = CF825B2D085370C50077AEAF;
			isa = PBXBuildFile;
			settings = {
			};
		};
		CF825B38085370C50077AEAF = {
			fileRef = CF825B2E085370C50077AEAF;
			isa = PBXBuildFile;
			settings = {
			};
		};
		CF825B39085370C50077AEAF = {
			fileRef = CF825B2F085370C50077AEAF;
			isa = PBXBuildFile;
			settings = {
			};
		};
		CF825B3A085370C50077AEAF = {
			fileRef = CF825B30085370C50077AEAF;
			isa = PBXBuildFile;
			settings = {
			};
		};
		CF825B3B085370C50077AEAF = {
			fileRef = CF825B31085370C50077AEAF;
			isa = PBXBuildFile;
			settings = {
			};
		};
		CF825B3C085370C50077AEAF = {
			fileRef = CF825B32085370C50077AEAF;
			isa = PBXBuildFile;
			settings = {
			};
		};
		CF825B3D085370C50077AEAF = {
			fileRef = CF825B33085370C50077AEAF;
			isa = PBXBuildFile;
			settings = {
			};
		};
		CF825B3E085370C50077AEAF = {
			fileRef = CF825B34085370C50077AEAF;
			isa = PBXBuildFile;
			settings = {
			};
		};
		CF825B3F085370C50077AEAF = {
			fileRef = CF825B35085370C50077AEAF;
			isa = PBXBuildFile;
			settings = {
			};
		};
		CF825B40085370C50077AEAF = {
			fileRef = CF825B36085370C50077AEAF;
			isa = PBXBuildFile;
			settings = {
			};
		};
		CF825B41085370C50077AEAF = {
			fileRef = CF825B2D085370C50077AEAF;
			isa = PBXBuildFile;
			settings = {
			};
		};
		CF825B42085370C50077AEAF = {
			fileRef = CF825B2E085370C50077AEAF;
			isa = PBXBuildFile;
			settings = {
			};
		};
		CF825B43085370C50077AEAF = {
			fileRef = CF825B2F085370C50077AEAF;
			isa = PBXBuildFile;
			settings = {
			};
		};
		CF825B44085370C50077AEAF = {
			fileRef = CF825B30085370C50077AEAF;
			isa = PBXBuildFile;
			settings = {
			};
		};
		CF825B45085370C50077AEAF = {
			fileRef = CF825B31085370C50077AEAF;
			isa = PBXBuildFile;
			settings = {
			};
		};
		CF825B46085370C50077AEAF = {
			fileRef = CF825B32085370C50077AEAF;
			isa = PBXBuildFile;
			settings = {
			};
		};
		CF825B47085370C50077AEAF = {
			fileRef = CF825B33085370C50077AEAF;
			isa = PBXBuildFile;
			settings = {
			};
		};
		CF825B48085370C50077AEAF = {
			fileRef = CF825B34085370C50077AEAF;
			isa = PBXBuildFile;
			settings = {
			};
		};
		CF825B49085370C50077AEAF = {
			fileRef = CF825B35085370C50077AEAF;
			isa = PBXBuildFile;
			settings = {
			};
		};
		CF825B4A085370C50077AEAF = {
			fileRef = CF825B36085370C50077AEAF;
			isa = PBXBuildFile;
			settings = {
			};
		};
		CF825B4B085370DC0077AEAF = {
			fileEncoding = 5;
			isa = PBXFileReference;
			lastKnownFileType = sourcecode.cpp.cpp;
			path = C_TextFileWrite.cpp;
			refType = 4;
			sourceTree = "<group>";
		};
		CF825B4C085370DC0077AEAF = {
			fileEncoding = 5;
			isa = PBXFileReference;
			lastKnownFileType = sourcecode.c.h;
			path = C_TextFileWrite.h;
			refType = 4;
			sourceTree = "<group>";
		};
		CF825B4D085370DC0077AEAF = {
			fileRef = CF825B4B085370DC0077AEAF;
			isa = PBXBuildFile;
			settings = {
			};
		};
		CF825B4E085370DC0077AEAF = {
			fileRef = CF825B4C085370DC0077AEAF;
			isa = PBXBuildFile;
			settings = {
			};
		};
		CF825B4F085370DC0077AEAF = {
			fileRef = CF825B4B085370DC0077AEAF;
			isa = PBXBuildFile;
			settings = {
			};
		};
		CF825B50085370DC0077AEAF = {
			fileRef = CF825B4C085370DC0077AEAF;
			isa = PBXBuildFile;
			settings = {
			};
		};
		CF825B51085371090077AEAF = {
			fileEncoding = 5;
			isa = PBXFileReference;
			lastKnownFileType = sourcecode.cpp.cpp;
			path = C_GGS_Object.cpp;
			refType = 4;
			sourceTree = "<group>";
		};
		CF825B52085371090077AEAF = {
			fileEncoding = 5;
			isa = PBXFileReference;
			lastKnownFileType = sourcecode.c.h;
			path = C_GGS_Object.h;
			refType = 4;
			sourceTree = "<group>";
		};
		CF825B53085371090077AEAF = {
			fileEncoding = 5;
			isa = PBXFileReference;
			lastKnownFileType = sourcecode.cpp.cpp;
			path = C_Lexique.cpp;
			refType = 4;
			sourceTree = "<group>";
		};
		CF825B54085371090077AEAF = {
			fileEncoding = 5;
			isa = PBXFileReference;
			lastKnownFileType = sourcecode.c.h;
			path = C_Lexique.h;
			refType = 4;
			sourceTree = "<group>";
		};
		CF825B55085371090077AEAF = {
			fileEncoding = 5;
			isa = PBXFileReference;
			lastKnownFileType = sourcecode.cpp.cpp;
			path = F_LexicalActions.cpp;
			refType = 4;
			sourceTree = "<group>";
		};
		CF825B56085371090077AEAF = {
			fileEncoding = 5;
			isa = PBXFileReference;
			lastKnownFileType = sourcecode.c.h;
			path = F_LexicalActions.h;
			refType = 4;
			sourceTree = "<group>";
		};
		CF825B57085371090077AEAF = {
			fileRef = CF825B51085371090077AEAF;
			isa = PBXBuildFile;
			settings = {
			};
		};
		CF825B58085371090077AEAF = {
			fileRef = CF825B52085371090077AEAF;
			isa = PBXBuildFile;
			settings = {
			};
		};
		CF825B59085371090077AEAF = {
			fileRef = CF825B53085371090077AEAF;
			isa = PBXBuildFile;
			settings = {
			};
		};
		CF825B5A085371090077AEAF = {
			fileRef = CF825B54085371090077AEAF;
			isa = PBXBuildFile;
			settings = {
			};
		};
		CF825B5B085371090077AEAF = {
			fileRef = CF825B55085371090077AEAF;
			isa = PBXBuildFile;
			settings = {
			};
		};
		CF825B5C085371090077AEAF = {
			fileRef = CF825B56085371090077AEAF;
			isa = PBXBuildFile;
			settings = {
			};
		};
		CF825B5D085371090077AEAF = {
			fileRef = CF825B51085371090077AEAF;
			isa = PBXBuildFile;
			settings = {
			};
		};
		CF825B5E085371090077AEAF = {
			fileRef = CF825B52085371090077AEAF;
			isa = PBXBuildFile;
			settings = {
			};
		};
		CF825B5F085371090077AEAF = {
			fileRef = CF825B53085371090077AEAF;
			isa = PBXBuildFile;
			settings = {
			};
		};
		CF825B60085371090077AEAF = {
			fileRef = CF825B54085371090077AEAF;
			isa = PBXBuildFile;
			settings = {
			};
		};
		CF825B61085371090077AEAF = {
			fileRef = CF825B55085371090077AEAF;
			isa = PBXBuildFile;
			settings = {
			};
		};
		CF825B62085371090077AEAF = {
			fileRef = CF825B56085371090077AEAF;
			isa = PBXBuildFile;
			settings = {
			};
		};
		CF825B63085371390077AEAF = {
			fileEncoding = 5;
			isa = PBXFileReference;
			lastKnownFileType = sourcecode.c.h;
			path = TC_UniqueArray.h;
			refType = 4;
			sourceTree = "<group>";
		};
		CF825B64085371390077AEAF = {
			fileEncoding = 5;
			isa = PBXFileReference;
			lastKnownFileType = sourcecode.c.h;
			path = TC_UniqueFixedSizeArray.h;
			refType = 4;
			sourceTree = "<group>";
		};
		CF825B65085371390077AEAF = {
			fileRef = CF825B63085371390077AEAF;
			isa = PBXBuildFile;
			settings = {
			};
		};
		CF825B66085371390077AEAF = {
			fileRef = CF825B64085371390077AEAF;
			isa = PBXBuildFile;
			settings = {
			};
		};
		CF825B67085371390077AEAF = {
			fileRef = CF825B63085371390077AEAF;
			isa = PBXBuildFile;
			settings = {
			};
		};
		CF825B68085371390077AEAF = {
			fileRef = CF825B64085371390077AEAF;
			isa = PBXBuildFile;
			settings = {
			};
		};
		CF825B69085371570077AEAF = {
			fileEncoding = 5;
			isa = PBXFileReference;
			lastKnownFileType = sourcecode.cpp.cpp;
			path = AC_OutputStream.cpp;
			refType = 4;
			sourceTree = "<group>";
		};
		CF825B6A085371570077AEAF = {
			fileEncoding = 5;
			isa = PBXFileReference;
			lastKnownFileType = sourcecode.c.h;
			path = AC_OutputStream.h;
			refType = 4;
			sourceTree = "<group>";
		};
		CF825B6B085371570077AEAF = {
			fileEncoding = 5;
			isa = PBXFileReference;
			lastKnownFileType = sourcecode.cpp.cpp;
			path = C_ConsoleOut.cpp;
			refType = 4;
			sourceTree = "<group>";
		};
		CF825B6C085371570077AEAF = {
			fileEncoding = 5;
			isa = PBXFileReference;
			lastKnownFileType = sourcecode.c.h;
			path = C_ConsoleOut.h;
			refType = 4;
			sourceTree = "<group>";
		};
		CF825B6D085371570077AEAF = {
			fileRef = CF825B69085371570077AEAF;
			isa = PBXBuildFile;
			settings = {
			};
		};
		CF825B6E085371570077AEAF = {
			fileRef = CF825B6A085371570077AEAF;
			isa = PBXBuildFile;
			settings = {
			};
		};
		CF825B6F085371570077AEAF = {
			fileRef = CF825B6B085371570077AEAF;
			isa = PBXBuildFile;
			settings = {
			};
		};
		CF825B70085371570077AEAF = {
			fileRef = CF825B6C085371570077AEAF;
			isa = PBXBuildFile;
			settings = {
			};
		};
		CF825B71085371570077AEAF = {
			fileRef = CF825B69085371570077AEAF;
			isa = PBXBuildFile;
			settings = {
			};
		};
		CF825B72085371570077AEAF = {
			fileRef = CF825B6A085371570077AEAF;
			isa = PBXBuildFile;
			settings = {
			};
		};
		CF825B73085371570077AEAF = {
			fileRef = CF825B6B085371570077AEAF;
			isa = PBXBuildFile;
			settings = {
			};
		};
		CF825B74085371570077AEAF = {
			fileRef = CF825B6C085371570077AEAF;
			isa = PBXBuildFile;
			settings = {
			};
		};
		CF825B750853716F0077AEAF = {
			fileEncoding = 5;
			isa = PBXFileReference;
			lastKnownFileType = sourcecode.cpp.cpp;
			path = C_DateTime.cpp;
			refType = 4;
			sourceTree = "<group>";
		};
		CF825B760853716F0077AEAF = {
			fileEncoding = 5;
			isa = PBXFileReference;
			lastKnownFileType = sourcecode.c.h;
			path = C_DateTime.h;
			refType = 4;
			sourceTree = "<group>";
		};
		CF825B770853716F0077AEAF = {
			fileEncoding = 5;
			isa = PBXFileReference;
			lastKnownFileType = sourcecode.cpp.cpp;
			path = C_Timer.cpp;
			refType = 4;
			sourceTree = "<group>";
		};
		CF825B780853716F0077AEAF = {
			fileEncoding = 5;
			isa = PBXFileReference;
			lastKnownFileType = sourcecode.c.h;
			path = C_Timer.h;
			refType = 4;
			sourceTree = "<group>";
		};
		CF825B790853716F0077AEAF = {
			fileRef = CF825B750853716F0077AEAF;
			isa = PBXBuildFile;
			settings = {
			};
		};
		CF825B7A0853716F0077AEAF = {
			fileRef = CF825B760853716F0077AEAF;
			isa = PBXBuildFile;
			settings = {
			};
		};
		CF825B7B0853716F0077AEAF = {
			fileRef = CF825B770853716F0077AEAF;
			isa = PBXBuildFile;
			settings = {
			};
		};
		CF825B7C0853716F0077AEAF = {
			fileRef = CF825B780853716F0077AEAF;
			isa = PBXBuildFile;
			settings = {
			};
		};
		CF825B7D0853716F0077AEAF = {
			fileRef = CF825B750853716F0077AEAF;
			isa = PBXBuildFile;
			settings = {
			};
		};
		CF825B7E0853716F0077AEAF = {
			fileRef = CF825B760853716F0077AEAF;
			isa = PBXBuildFile;
			settings = {
			};
		};
		CF825B7F0853716F0077AEAF = {
			fileRef = CF825B770853716F0077AEAF;
			isa = PBXBuildFile;
			settings = {
			};
		};
		CF825B800853716F0077AEAF = {
			fileRef = CF825B780853716F0077AEAF;
			isa = PBXBuildFile;
			settings = {
			};
		};
		CF825B81085371910077AEAF = {
			fileEncoding = 5;
			isa = PBXFileReference;
			lastKnownFileType = sourcecode.cpp.cpp;
			path = C_Exception.cpp;
			refType = 4;
			sourceTree = "<group>";
		};
		CF825B82085371910077AEAF = {
			fileEncoding = 5;
			isa = PBXFileReference;
			lastKnownFileType = sourcecode.c.h;
			path = C_Exception.h;
			refType = 4;
			sourceTree = "<group>";
		};
		CF825B83085371910077AEAF = {
			fileEncoding = 5;
			isa = PBXFileReference;
			lastKnownFileType = sourcecode.cpp.cpp;
			path = C_String.cpp;
			refType = 4;
			sourceTree = "<group>";
		};
		CF825B84085371910077AEAF = {
			fileEncoding = 5;
			isa = PBXFileReference;
			lastKnownFileType = sourcecode.c.h;
			path = C_String.h;
			refType = 4;
			sourceTree = "<group>";
		};
		CF825B85085371910077AEAF = {
			fileEncoding = 5;
			isa = PBXFileReference;
			lastKnownFileType = sourcecode.cpp.cpp;
			path = F_DisplayException.cpp;
			refType = 4;
			sourceTree = "<group>";
		};
		CF825B86085371910077AEAF = {
			fileEncoding = 5;
			isa = PBXFileReference;
			lastKnownFileType = sourcecode.c.h;
			path = F_DisplayException.h;
			refType = 4;
			sourceTree = "<group>";
		};
		CF825B87085371910077AEAF = {
			fileEncoding = 5;
			isa = PBXFileReference;
			lastKnownFileType = sourcecode.cpp.cpp;
			path = F_GetPrime.cpp;
			refType = 4;
			sourceTree = "<group>";
		};
		CF825B88085371910077AEAF = {
			fileEncoding = 5;
			isa = PBXFileReference;
			lastKnownFileType = sourcecode.c.h;
			path = F_GetPrime.h;
			refType = 4;
			sourceTree = "<group>";
		};
		CF825B89085371910077AEAF = {
			fileEncoding = 5;
			isa = PBXFileReference;
			lastKnownFileType = sourcecode.c.h;
			path = M_machine.h;
			refType = 4;
			sourceTree = "<group>";
		};
		CF825B8A085371910077AEAF = {
			fileEncoding = 5;
			isa = PBXFileReference;
			lastKnownFileType = sourcecode.c.h;
			path = M_SourceLocation.h;
			refType = 4;
			sourceTree = "<group>";
		};
		CF825B8B085371910077AEAF = {
			fileEncoding = 5;
			isa = PBXFileReference;
			lastKnownFileType = sourcecode.cpp.cpp;
			path = MF_Assert.cpp;
			refType = 4;
			sourceTree = "<group>";
		};
		CF825B8C085371910077AEAF = {
			fileEncoding = 5;
			isa = PBXFileReference;
			lastKnownFileType = sourcecode.c.h;
			path = MF_Assert.h;
			refType = 4;
			sourceTree = "<group>";
		};
		CF825B8D085371910077AEAF = {
			fileEncoding = 5;
			isa = PBXFileReference;
			lastKnownFileType = sourcecode.cpp.cpp;
			path = MF_MemoryControl.cpp;
			refType = 4;
			sourceTree = "<group>";
		};
		CF825B8E085371910077AEAF = {
			fileEncoding = 5;
			isa = PBXFileReference;
			lastKnownFileType = sourcecode.c.h;
			path = MF_MemoryControl.h;
			refType = 4;
			sourceTree = "<group>";
		};
		CF825B8F085371910077AEAF = {
			fileRef = CF825B81085371910077AEAF;
			isa = PBXBuildFile;
			settings = {
			};
		};
		CF825B90085371910077AEAF = {
			fileRef = CF825B82085371910077AEAF;
			isa = PBXBuildFile;
			settings = {
			};
		};
		CF825B91085371910077AEAF = {
			fileRef = CF825B83085371910077AEAF;
			isa = PBXBuildFile;
			settings = {
			};
		};
		CF825B92085371910077AEAF = {
			fileRef = CF825B84085371910077AEAF;
			isa = PBXBuildFile;
			settings = {
			};
		};
		CF825B93085371910077AEAF = {
			fileRef = CF825B85085371910077AEAF;
			isa = PBXBuildFile;
			settings = {
			};
		};
		CF825B94085371910077AEAF = {
			fileRef = CF825B86085371910077AEAF;
			isa = PBXBuildFile;
			settings = {
			};
		};
		CF825B95085371910077AEAF = {
			fileRef = CF825B87085371910077AEAF;
			isa = PBXBuildFile;
			settings = {
			};
		};
		CF825B96085371910077AEAF = {
			fileRef = CF825B88085371910077AEAF;
			isa = PBXBuildFile;
			settings = {
			};
		};
		CF825B97085371910077AEAF = {
			fileRef = CF825B89085371910077AEAF;
			isa = PBXBuildFile;
			settings = {
			};
		};
		CF825B98085371910077AEAF = {
			fileRef = CF825B8A085371910077AEAF;
			isa = PBXBuildFile;
			settings = {
			};
		};
		CF825B99085371910077AEAF = {
			fileRef = CF825B8B085371910077AEAF;
			isa = PBXBuildFile;
			settings = {
			};
		};
		CF825B9A085371910077AEAF = {
			fileRef = CF825B8C085371910077AEAF;
			isa = PBXBuildFile;
			settings = {
			};
		};
		CF825B9B085371910077AEAF = {
			fileRef = CF825B8D085371910077AEAF;
			isa = PBXBuildFile;
			settings = {
			};
		};
		CF825B9C085371910077AEAF = {
			fileRef = CF825B8E085371910077AEAF;
			isa = PBXBuildFile;
			settings = {
			};
		};
		CF825B9D085371910077AEAF = {
			fileRef = CF825B81085371910077AEAF;
			isa = PBXBuildFile;
			settings = {
			};
		};
		CF825B9E085371910077AEAF = {
			fileRef = CF825B82085371910077AEAF;
			isa = PBXBuildFile;
			settings = {
			};
		};
		CF825B9F085371910077AEAF = {
			fileRef = CF825B83085371910077AEAF;
			isa = PBXBuildFile;
			settings = {
			};
		};
		CF825BA0085371910077AEAF = {
			fileRef = CF825B84085371910077AEAF;
			isa = PBXBuildFile;
			settings = {
			};
		};
		CF825BA1085371910077AEAF = {
			fileRef = CF825B85085371910077AEAF;
			isa = PBXBuildFile;
			settings = {
			};
		};
		CF825BA2085371910077AEAF = {
			fileRef = CF825B86085371910077AEAF;
			isa = PBXBuildFile;
			settings = {
			};
		};
		CF825BA3085371910077AEAF = {
			fileRef = CF825B87085371910077AEAF;
			isa = PBXBuildFile;
			settings = {
			};
		};
		CF825BA4085371910077AEAF = {
			fileRef = CF825B88085371910077AEAF;
			isa = PBXBuildFile;
			settings = {
			};
		};
		CF825BA5085371910077AEAF = {
			fileRef = CF825B89085371910077AEAF;
			isa = PBXBuildFile;
			settings = {
			};
		};
		CF825BA6085371910077AEAF = {
			fileRef = CF825B8A085371910077AEAF;
			isa = PBXBuildFile;
			settings = {
			};
		};
		CF825BA7085371910077AEAF = {
			fileRef = CF825B8B085371910077AEAF;
			isa = PBXBuildFile;
			settings = {
			};
		};
		CF825BA8085371910077AEAF = {
			fileRef = CF825B8C085371910077AEAF;
			isa = PBXBuildFile;
			settings = {
			};
		};
		CF825BA9085371910077AEAF = {
			fileRef = CF825B8D085371910077AEAF;
			isa = PBXBuildFile;
			settings = {
			};
		};
		CF825BAA085371910077AEAF = {
			fileRef = CF825B8E085371910077AEAF;
			isa = PBXBuildFile;
			settings = {
			};
		};
		CF825BAB08537E130077AEAF = {
			fileRef = CF825B2D085370C50077AEAF;
			isa = PBXBuildFile;
			settings = {
			};
		};
		CF825BAC08537E140077AEAF = {
			fileRef = CF825B2F085370C50077AEAF;
			isa = PBXBuildFile;
			settings = {
			};
		};
		CF825BAD08537E150077AEAF = {
			fileRef = CF825B31085370C50077AEAF;
			isa = PBXBuildFile;
			settings = {
			};
		};
		CF825BAE08537E180077AEAF = {
			fileRef = CF825B33085370C50077AEAF;
			isa = PBXBuildFile;
			settings = {
			};
		};
		CF825BAF08537E250077AEAF = {
			fileRef = CF825B81085371910077AEAF;
			isa = PBXBuildFile;
			settings = {
			};
		};
		CF825BB008537E260077AEAF = {
			fileRef = CF825B83085371910077AEAF;
			isa = PBXBuildFile;
			settings = {
			};
		};
		CF825BB108537E280077AEAF = {
			fileRef = CF825B87085371910077AEAF;
			isa = PBXBuildFile;
			settings = {
			};
		};
		CF825BB208537E2D0077AEAF = {
			fileRef = CF825B55085371090077AEAF;
			isa = PBXBuildFile;
			settings = {
			};
		};
		CF825BB308537E2E0077AEAF = {
			fileRef = CF825B53085371090077AEAF;
			isa = PBXBuildFile;
			settings = {
			};
		};
		CF825BB408537E2F0077AEAF = {
			fileRef = CF825B51085371090077AEAF;
			isa = PBXBuildFile;
			settings = {
			};
		};
		CF825BB508537E400077AEAF = {
			fileRef = CF825B4B085370DC0077AEAF;
			isa = PBXBuildFile;
			settings = {
			};
		};
		CF825BB608537E430077AEAF = {
			fileRef = CF825B69085371570077AEAF;
			isa = PBXBuildFile;
			settings = {
			};
		};
		CF825BB708537E470077AEAF = {
			fileRef = CF825B750853716F0077AEAF;
			isa = PBXBuildFile;
			settings = {
			};
		};
		CF825BB808537E4B0077AEAF = {
			fileRef = CF825B6B085371570077AEAF;
			isa = PBXBuildFile;
			settings = {
			};
		};
		CF825BB908537E6F0077AEAF = {
			compilerSpec = com.apple.compilers.gcc.3_3;
			fileType = sourcecode.c;
			isEditable = 1;
			isa = PBXBuildRule;
			outputFiles = (
			);
		};
		CF825BBA08537E7B0077AEAF = {
			compilerSpec = com.apple.compilers.gcc.3_3;
			fileType = sourcecode.c;
			isEditable = 1;
			isa = PBXBuildRule;
			outputFiles = (
			);
		};
		CF825BBB08537E850077AEAF = {
			compilerSpec = com.apple.compilers.gcc.3_3;
			fileType = sourcecode.c;
			isEditable = 1;
			isa = PBXBuildRule;
			outputFiles = (
			);
		};
		CF825BC308537EF00077AEAF = {
			fileRef = CF4518FA05FCAE44008D4817;
			isa = PBXBuildFile;
			settings = {
			};
		};
		CF825BC408537EFF0077AEAF = {
			containerPortal = 2A37F4A9FDCFA73011CA2CEA;
			isa = PBXContainerItemProxy;
			proxyType = 1;
			remoteGlobalIDString = CF7A1402058CEFE2007126C1;
			remoteInfo = "Kerbdd tool debug";
		};
		CF825BC508537EFF0077AEAF = {
			isa = PBXTargetDependency;
			target = CF7A1402058CEFE2007126C1;
			targetProxy = CF825BC408537EFF0077AEAF;
		};
		CF86361A0586289600B23462 = {
			fileEncoding = 30;
			isa = PBXFileReference;
			lastKnownFileType = sourcecode.cpp.cpp;
			path = C_galgas_null_io.cpp;
			refType = 4;
			sourceTree = "<group>";
		};
		CF86361B0586289600B23462 = {
			fileEncoding = 30;
			isa = PBXFileReference;
			lastKnownFileType = sourcecode.c.h;
			path = C_galgas_null_io.h;
			refType = 4;
			sourceTree = "<group>";
		};
		CF86365005862B0600B23462 = {
			fileEncoding = 30;
			isa = PBXFileReference;
			lastKnownFileType = sourcecode.cpp.cpp;
			path = C_galgas_terminal_io.cpp;
			refType = 4;
			sourceTree = "<group>";
		};
		CF86365105862B0600B23462 = {
			fileEncoding = 30;
			isa = PBXFileReference;
			lastKnownFileType = sourcecode.c.h;
			path = C_galgas_terminal_io.h;
			refType = 4;
			sourceTree = "<group>";
		};
		CF9041F0057F687D007362F4 = {
			fileEncoding = 30;
			isa = PBXFileReference;
			lastKnownFileType = sourcecode.c.h;
			path = C_galgas_cocoa_io.h;
			refType = 4;
			sourceTree = "<group>";
		};
		CF904220057F6B8D007362F4 = {
			fileEncoding = 30;
			isa = PBXFileReference;
			lastKnownFileType = sourcecode.cpp.cpp;
			path = C_galgas_cocoa_io.cpp;
			refType = 4;
			sourceTree = "<group>";
		};
		CF9C702F079BFFFA00797E14 = {
			containerPortal = 2A37F4A9FDCFA73011CA2CEA;
			isa = PBXContainerItemProxy;
			proxyType = 1;
			remoteGlobalIDString = 8DD76F620486A84900D96B5E;
			remoteInfo = nprt;
		};
		CF9C7030079BFFFA00797E14 = {
			isa = PBXTargetDependency;
			target = 8DD76F620486A84900D96B5E;
			targetProxy = CF9C702F079BFFFA00797E14;
		};
		CF9D5F5C05F3833400E53A6F = {
			fileRef = CFF5388F057A558F00854C83;
			isa = PBXBuildFile;
			settings = {
			};
		};
		CF9D5F6405F3833F00E53A6F = {
			fileRef = CFF53891057A558F00854C83;
			isa = PBXBuildFile;
			settings = {
			};
		};
		CF9D5F6C05F3835200E53A6F = {
			fileRef = CFF53893057A558F00854C83;
			isa = PBXBuildFile;
			settings = {
			};
		};
		CFA5CB9207CF8EBC00E460DB = {
			isa = PBXFileReference;
			lastKnownFileType = image.icns;
			name = kerbdd_application.icns;
			path = icones/kerbdd_application.icns;
			refType = 4;
			sourceTree = "<group>";
		};
		CFA5CB9307CF8EBC00E460DB = {
			isa = PBXFileReference;
			lastKnownFileType = image.icns;
			name = kerbdd_document.icns;
			path = icones/kerbdd_document.icns;
			refType = 4;
			sourceTree = "<group>";
		};
		CFA5CB9407CF8EBC00E460DB = {
			fileRef = CFA5CB9207CF8EBC00E460DB;
			isa = PBXBuildFile;
			settings = {
			};
		};
		CFA5CB9507CF8EBC00E460DB = {
			fileRef = CFA5CB9307CF8EBC00E460DB;
			isa = PBXBuildFile;
			settings = {
			};
		};
		CFA7AB90058DAD29009AC1FE = {
			buildSettings = {
				GCC_GENERATE_DEBUGGING_SYMBOLS = NO;
				GCC_WARN_ABOUT_MISSING_PROTOTYPES = YES;
				GCC_WARN_CHECK_SWITCH_STATEMENTS = YES;
				GCC_WARN_EFFECTIVE_CPLUSPLUS_VIOLATIONS = NO;
				GCC_WARN_HIDDEN_VIRTUAL_FUNCTIONS = YES;
				GCC_WARN_INITIALIZER_NOT_FULLY_BRACKETED = YES;
				GCC_WARN_MISSING_PARENTHESES = YES;
				GCC_WARN_NON_VIRTUAL_DESTRUCTOR = YES;
				GCC_WARN_PEDANTIC = NO;
				GCC_WARN_SHADOW = YES;
				GCC_WARN_TYPECHECK_CALLS_TO_PRINTF = YES;
				GCC_WARN_UNINITIALIZED_AUTOS = NO;
				GCC_WARN_UNKNOWN_PRAGMAS = YES;
				GCC_WARN_UNUSED_FUNCTION = YES;
				GCC_WARN_UNUSED_LABEL = YES;
				GCC_WARN_UNUSED_PARAMETER = NO;
				GCC_WARN_UNUSED_VALUE = YES;
				GCC_WARN_UNUSED_VARIABLE = NO;
			};
			isa = PBXBuildStyle;
			name = Deployment;
		};
		CFA7ADBD058DB57E009AC1FE = {
			fileRef = CFF53872057A558F00854C83;
			isa = PBXBuildFile;
			settings = {
			};
		};
		CFA7ADD7058DB5DF009AC1FE = {
			fileRef = CF86361A0586289600B23462;
			isa = PBXBuildFile;
			settings = {
			};
		};
		CFA8C6A30622A9D9005F7F63 = {
			fileEncoding = 5;
			isa = PBXFileReference;
			lastKnownFileType = sourcecode.cpp.objcpp;
			path = main.mm;
			refType = 4;
			sourceTree = "<group>";
		};
		CFA8C6A40622A9D9005F7F63 = {
			fileRef = CFA8C6A30622A9D9005F7F63;
			isa = PBXBuildFile;
			settings = {
			};
		};
		CFAC5156062158B500AF7FE3 = {
			fileEncoding = 5;
			isa = PBXFileReference;
			lastKnownFileType = sourcecode.cpp.cpp;
			path = AC_galgas_map.cpp;
			refType = 4;
			sourceTree = "<group>";
		};
		CFAC5157062158B500AF7FE3 = {
			fileRef = CFAC5156062158B500AF7FE3;
			isa = PBXBuildFile;
			settings = {
			};
		};
		CFAC5158062158B500AF7FE3 = {
			fileRef = CFAC5156062158B500AF7FE3;
			isa = PBXBuildFile;
			settings = {
			};
		};
		CFAD482E0591BCF700BF8381 = {
			children = (
				CF825B27085370A10077AEAF,
				CF825B29085370A10077AEAF,
				CF825B09085370910077AEAF,
				CF825B0A085370910077AEAF,
				CF825B0B085370910077AEAF,
				CF825B0C085370910077AEAF,
				CF825B0D085370910077AEAF,
				CF825B0E085370910077AEAF,
				CF825B0F085370910077AEAF,
				CF825B10085370910077AEAF,
				CF825B11085370910077AEAF,
				CF825B12085370910077AEAF,
				CF825B13085370910077AEAF,
				CF825B14085370910077AEAF,
				CF825B15085370910077AEAF,
				CF825B16085370910077AEAF,
				CF825B17085370910077AEAF,
			);
			isa = PBXGroup;
			path = cocoa_galgas;
			refType = 4;
			sourceTree = "<group>";
		};
		CFC30F92058A225E003D0386 = {
			fileEncoding = 30;
			isa = PBXFileReference;
			lastKnownFileType = text.plist;
			path = Info.plist;
			refType = 4;
			sourceTree = "<group>";
		};
		CFC30F93058A225E003D0386 = {
			fileRef = CFC30F92058A225E003D0386;
			isa = PBXBuildFile;
			settings = {
			};
		};
		CFF53732057A4E5000854C83 = {
			children = (
				CF103D8C07AFE8340093400D,
				CF103D1907AFDB880093400D,
				CF103D1A07AFDB880093400D,
				CF103D1B07AFDB880093400D,
				CF103D1C07AFDB880093400D,
				CF103D1D07AFDB880093400D,
				CF103D1E07AFDB880093400D,
				CF103D1F07AFDB880093400D,
				CF103D2007AFDB880093400D,
				CF103D2107AFDB880093400D,
				CF103D2207AFDB880093400D,
				CF103D2307AFDB880093400D,
				CF103D2407AFDB880093400D,
				CF103D2507AFDB880093400D,
				CF103D2607AFDB880093400D,
			);
			isa = PBXGroup;
			name = GALGAS_OUTPUT;
			path = ../galgas_sources/GALGAS_OUTPUT;
			refType = 2;
			sourceTree = SOURCE_ROOT;
		};
		CFF53737057A4E9400854C83 = {
			children = (
				CF103D4307AFDBAD0093400D,
				CF103D4407AFDBAD0093400D,
				CF103D4607AFDBAD0093400D,
				CF103D4707AFDBAD0093400D,
				CF103D4907AFDBAD0093400D,
				CF103D4A07AFDBAD0093400D,
				CF103D4B07AFDBAD0093400D,
				CF103D4C07AFDBAD0093400D,
			);
			isa = PBXGroup;
			name = "Hand Coded Sources";
			path = ../hand_coded_sources;
			refType = 2;
			sourceTree = SOURCE_ROOT;
		};
		CFF5381C057A545B00854C83 = {
			children = (
				CF103D5F07AFDC4D0093400D,
				CFF538EE057A55F400854C83,
				CFAD482E0591BCF700BF8381,
				CF31E0ED0598DF5400814123,
				CFF538CC057A559D00854C83,
				CFF53871057A555E00854C83,
				CF3FF14005878B33000D2F8C,
				CFF53851057A54FB00854C83,
				CFF53846057A54DF00854C83,
				CFF5381F057A549B00854C83,
			);
			isa = PBXGroup;
			name = libpm;
			path = ../../libpm;
			refType = 2;
			sourceTree = SOURCE_ROOT;
		};
		CFF5381F057A549B00854C83 = {
			children = (
				CF825B81085371910077AEAF,
				CF825B82085371910077AEAF,
				CF825B83085371910077AEAF,
				CF825B84085371910077AEAF,
				CF825B85085371910077AEAF,
				CF825B86085371910077AEAF,
				CF825B87085371910077AEAF,
				CF825B88085371910077AEAF,
				CF825B89085371910077AEAF,
				CF825B8A085371910077AEAF,
				CF825B8B085371910077AEAF,
				CF825B8C085371910077AEAF,
				CF825B8D085371910077AEAF,
				CF825B8E085371910077AEAF,
			);
			isa = PBXGroup;
			path = utilities;
			refType = 4;
			sourceTree = "<group>";
		};
		CFF53846057A54DF00854C83 = {
			children = (
				CF825B750853716F0077AEAF,
				CF825B760853716F0077AEAF,
				CF825B770853716F0077AEAF,
				CF825B780853716F0077AEAF,
			);
			isa = PBXGroup;
			path = time;
			refType = 4;
			sourceTree = "<group>";
		};
		CFF53851057A54FB00854C83 = {
			children = (
				CF825B69085371570077AEAF,
				CF825B6A085371570077AEAF,
				CF825B6B085371570077AEAF,
				CF825B6C085371570077AEAF,
			);
			isa = PBXGroup;
			path = streams;
			refType = 4;
			sourceTree = "<group>";
		};
		CFF53871057A555E00854C83 = {
			children = (
				CF825B51085371090077AEAF,
				CF825B52085371090077AEAF,
				CF825B53085371090077AEAF,
				CF825B54085371090077AEAF,
				CF825B55085371090077AEAF,
				CF825B56085371090077AEAF,
				CF103D6C07AFDCCD0093400D,
				CF103D6D07AFDCCD0093400D,
				CF103D6E07AFDCCD0093400D,
				CFAC5156062158B500AF7FE3,
				CFF53872057A558F00854C83,
				CFF53881057A558F00854C83,
				CFF53883057A558F00854C83,
				CFF53885057A558F00854C83,
				CFF53889057A558F00854C83,
				CFF5388B057A558F00854C83,
				CFF5388D057A558F00854C83,
				CFF5388F057A558F00854C83,
				CFF53891057A558F00854C83,
				CFF53893057A558F00854C83,
				CFF53895057A558F00854C83,
				CFF53897057A558F00854C83,
				CF9041F0057F687D007362F4,
				CF86365005862B0600B23462,
				CF86365105862B0600B23462,
				CF904220057F6B8D007362F4,
				CF86361A0586289600B23462,
				CF86361B0586289600B23462,
				CF3FF0B705877B62000D2F8C,
				CF3FF0BC05877B62000D2F8C,
				CF3FF0C005877B62000D2F8C,
				CF3FF0C105877B62000D2F8C,
				CF3FF0C205877B62000D2F8C,
				CF3FF0C305877B62000D2F8C,
				CF3FF0C405877B62000D2F8C,
				CF3FF0C505877B62000D2F8C,
				CF3FF0C605877B62000D2F8C,
				CF3FF0C705877B62000D2F8C,
				CF3FF0C805877B62000D2F8C,
				CF3FF0C905877B62000D2F8C,
				CF3FF0CA05877B62000D2F8C,
				CF3FF0CB05877B62000D2F8C,
			);
			isa = PBXGroup;
			path = galgas;
			refType = 4;
			sourceTree = "<group>";
		};
		CFF53872057A558F00854C83 = {
			fileEncoding = 5;
			isa = PBXFileReference;
			lastKnownFileType = sourcecode.cpp.cpp;
			path = AC_galgas_io.cpp;
			refType = 4;
			sourceTree = "<group>";
		};
		CFF53881057A558F00854C83 = {
			fileEncoding = 5;
			isa = PBXFileReference;
			lastKnownFileType = sourcecode.cpp.cpp;
			path = GGS_bool.cpp;
			refType = 4;
			sourceTree = "<group>";
		};
		CFF53883057A558F00854C83 = {
			fileEncoding = 5;
			isa = PBXFileReference;
			lastKnownFileType = sourcecode.cpp.cpp;
			path = GGS_char.cpp;
			refType = 4;
			sourceTree = "<group>";
		};
		CFF53885057A558F00854C83 = {
			fileEncoding = 5;
			isa = PBXFileReference;
			lastKnownFileType = sourcecode.cpp.cpp;
			path = GGS_dfloat.cpp;
			refType = 4;
			sourceTree = "<group>";
		};
		CFF53889057A558F00854C83 = {
			fileEncoding = 5;
			isa = PBXFileReference;
			lastKnownFileType = sourcecode.cpp.cpp;
			path = GGS_lbool.cpp;
			refType = 4;
			sourceTree = "<group>";
		};
		CFF5388B057A558F00854C83 = {
			fileEncoding = 5;
			isa = PBXFileReference;
			lastKnownFileType = sourcecode.cpp.cpp;
			path = GGS_lchar.cpp;
			refType = 4;
			sourceTree = "<group>";
		};
		CFF5388D057A558F00854C83 = {
			fileEncoding = 5;
			isa = PBXFileReference;
			lastKnownFileType = sourcecode.cpp.cpp;
			path = GGS_ldfloat.cpp;
			refType = 4;
			sourceTree = "<group>";
		};
		CFF5388F057A558F00854C83 = {
			fileEncoding = 5;
			isa = PBXFileReference;
			lastKnownFileType = sourcecode.cpp.cpp;
			path = GGS_location.cpp;
			refType = 4;
			sourceTree = "<group>";
		};
		CFF53891057A558F00854C83 = {
			fileEncoding = 5;
			isa = PBXFileReference;
			lastKnownFileType = sourcecode.cpp.cpp;
			path = GGS_lstring.cpp;
			refType = 4;
			sourceTree = "<group>";
		};
		CFF53893057A558F00854C83 = {
			fileEncoding = 5;
			isa = PBXFileReference;
			lastKnownFileType = sourcecode.cpp.cpp;
			path = GGS_luint.cpp;
			refType = 4;
			sourceTree = "<group>";
		};
		CFF53895057A558F00854C83 = {
			fileEncoding = 5;
			isa = PBXFileReference;
			lastKnownFileType = sourcecode.cpp.cpp;
			path = GGS_string.cpp;
			refType = 4;
			sourceTree = "<group>";
		};
		CFF53897057A558F00854C83 = {
			fileEncoding = 5;
			isa = PBXFileReference;
			lastKnownFileType = sourcecode.cpp.cpp;
			path = GGS_uint.cpp;
			refType = 4;
			sourceTree = "<group>";
		};
		CFF538CC057A559D00854C83 = {
			children = (
				CF825B4B085370DC0077AEAF,
				CF825B4C085370DC0077AEAF,
			);
			isa = PBXGroup;
			path = files;
			refType = 4;
			sourceTree = "<group>";
		};
		CFF538EE057A55F400854C83 = {
			children = (
				CF825AFD085370680077AEAF,
				CF825AFE085370680077AEAF,
				CF825AFF085370680077AEAF,
				CF825B00085370680077AEAF,
			);
			isa = PBXGroup;
			path = cache;
			refType = 4;
			sourceTree = "<group>";
		};
		CFF98D79058CCDA000176BCE = {
			children = (
				CF103D8807AFE6C80093400D,
			);
			isa = PBXGroup;
			name = Documentation;
			refType = 4;
			sourceTree = "<group>";
		};
	};
	rootObject = 2A37F4A9FDCFA73011CA2CEA;
}
